PODS:
  - AFNetworking (4.0.1):
    - AFNetworking/NSURLSession (= 4.0.1)
    - AFNetworking/Reachability (= 4.0.1)
    - AFNetworking/Security (= 4.0.1)
    - AFNetworking/Serialization (= 4.0.1)
    - AFNetworking/UIKit (= 4.0.1)
  - AFNetworking/NSURLSession (4.0.1):
    - AFNetworking/Reachability
    - AFNetworking/Security
    - AFNetworking/Serialization
  - AFNetworking/Reachability (4.0.1)
  - AFNetworking/Security (4.0.1)
  - AFNetworking/Serialization (4.0.1)
  - AFNetworking/UIKit (4.0.1):
    - AFNetworking/NSURLSession
  - FLEX (4.6.1)
  - Flutter (1.0.0)
  - flutter_module (0.0.1):
    - Flutter
  - FlutterPluginRegistrant (0.0.1):
    - Flutter
  - FMDB (2.7.5):
    - FMDB/standard (= 2.7.5)
  - FMDB/standard (2.7.5)
  - JSONModel (1.8.0)
  - JSPatch (1.1.3):
    - JSPatch/Core (= 1.1.3)
  - JSPatch/Core (1.1.3)
  - LookinServer (1.0.4)
  - lottie-ios (3.2.3)
  - Masonry (1.1.0)
  - Reachability (3.2)
  - ReactiveCocoa (12.0.0):
    - ReactiveSwift (~> 7.0)
  - ReactiveSwift (7.0.0)
  - RegexKitLite-NoWarning (1.1.0)
  - SDWebImage (5.12.2):
    - SDWebImage/Core (= 5.12.2)
  - SDWebImage/Core (5.12.2)
  - SSZipArchive (2.4.2)
  - SwiftyJSON (5.0.1)
  - Toast (4.0.0)
  - WebViewJavascriptBridge (6.0.3)
  - YYKit (1.0.9):
    - YYKit/no-arc (= 1.0.9)
  - YYKit/no-arc (1.0.9)

DEPENDENCIES:
  - AFNetworking
  - FLEX
  - Flutter (from `DevelopPods/flutter_module/.ios/Flutter/engine`)
  - flutter_module (from `DevelopPods/flutter_module/.ios/Flutter`)
  - FlutterPluginRegistrant (from `DevelopPods/flutter_module/.ios/Flutter/FlutterPluginRegistrant`)
  - FMDB
  - JSONModel
  - JSPatch
  - LookinServer
  - lottie-ios
  - Masonry
  - Reachability
  - ReactiveCocoa
  - RegexKitLite-NoWarning
  - SDWebImage
  - SSZipArchive
  - SwiftyJSON
  - Toast
  - WebViewJavascriptBridge
  - YYKit

SPEC REPOS:
  https://mirrors.tuna.tsinghua.edu.cn/git/CocoaPods/Specs.git:
    - AFNetworking
    - FLEX
    - FMDB
    - JSONModel
    - JSPatch
    - LookinServer
    - lottie-ios
    - Masonry
    - Reachability
    - ReactiveCocoa
    - ReactiveSwift
    - RegexKitLite-NoWarning
    - SDWebImage
    - SSZipArchive
    - SwiftyJSON
    - Toast
    - WebViewJavascriptBridge
    - YYKit

EXTERNAL SOURCES:
  Flutter:
    :path: DevelopPods/flutter_module/.ios/Flutter/engine
  flutter_module:
    :path: DevelopPods/flutter_module/.ios/Flutter
  FlutterPluginRegistrant:
    :path: DevelopPods/flutter_module/.ios/Flutter/FlutterPluginRegistrant

SPEC CHECKSUMS:
  AFNetworking: 7864c38297c79aaca1500c33288e429c3451fdce
  FLEX: bbc55d197f87d7cde2454c3981aa47069b694144
  Flutter: bdfa2e8fe0e2880a2c6a58a0b1a8675c262a07af
  flutter_module: d1e1ff44505640bd9aa37f23f63380c646272be4
  FlutterPluginRegistrant: 2afd5ea46d3a949472c9b7da6462d8fbf7d8b16e
  FMDB: 2ce00b547f966261cd18927a3ddb07cb6f3db82a
  JSONModel: 02ab723958366a3fd27da57ea2af2113658762e9
  JSPatch: 02cfed591cb907bbfe80a346666e5a35fc2d349d
  LookinServer: 743c1681771d0a8dcc38825325a080c3186404a5
  lottie-ios: c058aeafa76daa4cf64d773554bccc8385d0150e
  Masonry: 678fab65091a9290e40e2832a55e7ab731aad201
  Reachability: 33e18b67625424e47b6cde6d202dce689ad7af96
  ReactiveCocoa: 5d10386f0ce09f922006efbf784881c5fade27c5
  ReactiveSwift: 48c4b9d3b497e8dd20b10300bb1a28ff93550f13
  RegexKitLite-NoWarning: 365d208f8187997e33d9de8baeddfc00728596d8
  SDWebImage: 240e5c12b592fb1268c1d03b8c90d90e8c2ffe82
  SSZipArchive: e7b4f3d9e780c2acc1764cd88fbf2de28f26e5b2
  SwiftyJSON: 2f33a42c6fbc52764d96f13368585094bfd8aa5e
  Toast: 91b396c56ee72a5790816f40d3a94dd357abc196
  WebViewJavascriptBridge: 7f5bc4d3581e672e8f32bd0f812d54bc69bb8e29
  YYKit: 7cda43304a8dc3696c449041e2cb3107b4e236e7

PODFILE CHECKSUM: 552803eb65013423ef99de5d552744fd631e9f39

COCOAPODS: 1.11.2
