// !$*UTF8*$!
{
	archiveVersion = 1;
	classes = {
	};
	objectVersion = 55;
	objects = {

/* Begin PBXBuildFile section */
		150AA274279D9E7600AEC946 /* Router.m in Sources */ = {isa = PBXBuildFile; fileRef = 150AA273279D9E7600AEC946 /* Router.m */; };
		150AA277279D9E9400AEC946 /* RouteMap.m in Sources */ = {isa = PBXBuildFile; fileRef = 150AA276279D9E9400AEC946 /* RouteMap.m */; };
		15277E632798223400FA882E /* Assets.xcassets in Resources */ = {isa = PBXBuildFile; fileRef = 15277E622798223400FA882E /* Assets.xcassets */; };
		1527F156279A714800A7482A /* CommonEntranceManager.m in Sources */ = {isa = PBXBuildFile; fileRef = 1527F13C279A714800A7482A /* CommonEntranceManager.m */; };
		1527F18F279A756C00A7482A /* ThirdNavigationController.m in Sources */ = {isa = PBXBuildFile; fileRef = 1527F165279A756C00A7482A /* ThirdNavigationController.m */; };
		1527F190279A756C00A7482A /* HomeNavigationController.m in Sources */ = {isa = PBXBuildFile; fileRef = 1527F168279A756C00A7482A /* HomeNavigationController.m */; };
		1527F191279A756C00A7482A /* MineNavigationController.m in Sources */ = {isa = PBXBuildFile; fileRef = 1527F16A279A756C00A7482A /* MineNavigationController.m */; };
		1527F192279A756C00A7482A /* FeatureNavigationController.m in Sources */ = {isa = PBXBuildFile; fileRef = 1527F16D279A756C00A7482A /* FeatureNavigationController.m */; };
		1527F193279A756C00A7482A /* TabBarController.m in Sources */ = {isa = PBXBuildFile; fileRef = 1527F170279A756C00A7482A /* TabBarController.m */; };
		1527F194279A756C00A7482A /* TabBarControllerDataProvider.m in Sources */ = {isa = PBXBuildFile; fileRef = 1527F173279A756C00A7482A /* TabBarControllerDataProvider.m */; };
		1527F195279A756C00A7482A /* HomeViewController.m in Sources */ = {isa = PBXBuildFile; fileRef = 1527F178279A756C00A7482A /* HomeViewController.m */; };
		1527F196279A756C00A7482A /* ThirdViewController.m in Sources */ = {isa = PBXBuildFile; fileRef = 1527F17C279A756C00A7482A /* ThirdViewController.m */; };
		1527F198279A756C00A7482A /* MineViewController.m in Sources */ = {isa = PBXBuildFile; fileRef = 1527F180279A756C00A7482A /* MineViewController.m */; };
		1527F199279A756C00A7482A /* FeatureViewController.m in Sources */ = {isa = PBXBuildFile; fileRef = 1527F183279A756C00A7482A /* FeatureViewController.m */; };
		1527F19A279A756C00A7482A /* BusinessEntranceManager.m in Sources */ = {isa = PBXBuildFile; fileRef = 1527F188279A756C00A7482A /* BusinessEntranceManager.m */; };
		1527F19C279A756C00A7482A /* BusinessApplicationDelegate.m in Sources */ = {isa = PBXBuildFile; fileRef = 1527F18C279A756C00A7482A /* BusinessApplicationDelegate.m */; };
		1527F19F279A75D400A7482A /* BusinessModule.m in Sources */ = {isa = PBXBuildFile; fileRef = 1527F19D279A75D400A7482A /* BusinessModule.m */; };
		1527F1B2279A855800A7482A /* CommonApplicationDelegate.m in Sources */ = {isa = PBXBuildFile; fileRef = 1527F1B1279A855800A7482A /* CommonApplicationDelegate.m */; };
		1527F1C6279A9FA500A7482A /* LoggerFileManager.m in Sources */ = {isa = PBXBuildFile; fileRef = 1527F1C5279A9FA500A7482A /* LoggerFileManager.m */; };
		1527F1D9279AC69100A7482A /* UIApplication+Base.m in Sources */ = {isa = PBXBuildFile; fileRef = 1527F1D8279AC69100A7482A /* UIApplication+Base.m */; };
		1527F1E0279AD06100A7482A /* LearnViewController.m in Sources */ = {isa = PBXBuildFile; fileRef = 1527F1DF279AD06100A7482A /* LearnViewController.m */; };
		1527F1E4279AD09A00A7482A /* LearnNavigationController.m in Sources */ = {isa = PBXBuildFile; fileRef = 1527F1E3279AD09A00A7482A /* LearnNavigationController.m */; };
		1530E41B2799046900E4A8E4 /* BaseApplicationDelegate.m in Sources */ = {isa = PBXBuildFile; fileRef = 1530E41A2799046900E4A8E4 /* BaseApplicationDelegate.m */; };
		1530E42B2799097B00E4A8E4 /* BaseEntranceManager.m in Sources */ = {isa = PBXBuildFile; fileRef = 1530E42A2799097B00E4A8E4 /* BaseEntranceManager.m */; };
		1530E43B279914EB00E4A8E4 /* BaseModuleManager.m in Sources */ = {isa = PBXBuildFile; fileRef = 1530E43A279914EB00E4A8E4 /* BaseModuleManager.m */; };
		1530E4412799152900E4A8E4 /* BaseModule.m in Sources */ = {isa = PBXBuildFile; fileRef = 1530E4402799152900E4A8E4 /* BaseModule.m */; };
		1530E445279932D800E4A8E4 /* SystemModule.m in Sources */ = {isa = PBXBuildFile; fileRef = 1530E444279932D800E4A8E4 /* SystemModule.m */; };
		1530E44A2799334F00E4A8E4 /* CommonModule.m in Sources */ = {isa = PBXBuildFile; fileRef = 1530E4492799334F00E4A8E4 /* CommonModule.m */; };
		1530E45827993AC100E4A8E4 /* PlayerModule.m in Sources */ = {isa = PBXBuildFile; fileRef = 1530E45727993AC100E4A8E4 /* PlayerModule.m */; };
		1530E47D27996F8700E4A8E4 /* Pods_Q.framework in Frameworks */ = {isa = PBXBuildFile; fileRef = E555D12AA334E9D4FEFD4457 /* Pods_Q.framework */; };
		1530E4B42799816100E4A8E4 /* libc++.tbd in Frameworks */ = {isa = PBXBuildFile; fileRef = 1530E4B32799813300E4A8E4 /* libc++.tbd */; };
		1530E4D12799855600E4A8E4 /* UIKit.framework in Frameworks */ = {isa = PBXBuildFile; fileRef = 1530E47027996E3A00E4A8E4 /* UIKit.framework */; };
		1530E4D32799855B00E4A8E4 /* OpenGLES.framework in Frameworks */ = {isa = PBXBuildFile; fileRef = 1530E4D22799855B00E4A8E4 /* OpenGLES.framework */; };
		1530E4D42799856200E4A8E4 /* CoreGraphics.framework in Frameworks */ = {isa = PBXBuildFile; fileRef = 1530E47227996E4C00E4A8E4 /* CoreGraphics.framework */; };
		1530E4D62799856D00E4A8E4 /* AVFoundation.framework in Frameworks */ = {isa = PBXBuildFile; fileRef = 1530E4D52799856D00E4A8E4 /* AVFoundation.framework */; };
		1530E4D82799857300E4A8E4 /* Metal.framework in Frameworks */ = {isa = PBXBuildFile; fileRef = 1530E4D72799857300E4A8E4 /* Metal.framework */; };
		1530E4DA2799858100E4A8E4 /* CoreMedia.framework in Frameworks */ = {isa = PBXBuildFile; fileRef = 1530E4D92799858100E4A8E4 /* CoreMedia.framework */; };
		1530E4DC2799858800E4A8E4 /* CoreVideo.framework in Frameworks */ = {isa = PBXBuildFile; fileRef = 1530E4DB2799858800E4A8E4 /* CoreVideo.framework */; };
		1530E4DE2799859000E4A8E4 /* MediaPlayer.framework in Frameworks */ = {isa = PBXBuildFile; fileRef = 1530E4DD2799859000E4A8E4 /* MediaPlayer.framework */; };
		1530E4E0279985A000E4A8E4 /* QuartzCore.framework in Frameworks */ = {isa = PBXBuildFile; fileRef = 1530E4DF279985A000E4A8E4 /* QuartzCore.framework */; };
		1530E4E2279985A500E4A8E4 /* MobileCoreServices.framework in Frameworks */ = {isa = PBXBuildFile; fileRef = 1530E4E1279985A500E4A8E4 /* MobileCoreServices.framework */; };
		1530E4E4279985B000E4A8E4 /* VideoToolbox.framework in Frameworks */ = {isa = PBXBuildFile; fileRef = 1530E4E3279985B000E4A8E4 /* VideoToolbox.framework */; };
		1530E4E6279985BB00E4A8E4 /* AudioToolbox.framework in Frameworks */ = {isa = PBXBuildFile; fileRef = 1530E4E5279985BB00E4A8E4 /* AudioToolbox.framework */; };
		154EBD74279E579C0048CFF5 /* Util.m in Sources */ = {isa = PBXBuildFile; fileRef = 154EBD73279E579C0048CFF5 /* Util.m */; };
		154EBD83279E6B440048CFF5 /* BaseTabBarController.m in Sources */ = {isa = PBXBuildFile; fileRef = 154EBD82279E6B440048CFF5 /* BaseTabBarController.m */; };
		154EBD86279E6B590048CFF5 /* BaseViewController.m in Sources */ = {isa = PBXBuildFile; fileRef = 154EBD85279E6B590048CFF5 /* BaseViewController.m */; };
		154EBD89279E6BB50048CFF5 /* BaseNavigationController.m in Sources */ = {isa = PBXBuildFile; fileRef = 154EBD88279E6BB50048CFF5 /* BaseNavigationController.m */; };
		1596B77C2799BF9600C28DF6 /* Chronos.framework in Frameworks */ = {isa = PBXBuildFile; fileRef = 1596B77A2799BF8500C28DF6 /* Chronos.framework */; platformFilter = ios; };
		1596B77D2799BF9600C28DF6 /* Chronos.framework in Embed Frameworks */ = {isa = PBXBuildFile; fileRef = 1596B77A2799BF8500C28DF6 /* Chronos.framework */; platformFilter = ios; settings = {ATTRIBUTES = (CodeSignOnCopy, RemoveHeadersOnCopy, ); }; };
		1597D6B9279AF29D005592EE /* FeatureModelManager.m in Sources */ = {isa = PBXBuildFile; fileRef = 1597D6B8279AF29D005592EE /* FeatureModelManager.m */; };
		1597D6BD279AF57F005592EE /* FeatureModel.m in Sources */ = {isa = PBXBuildFile; fileRef = 1597D6BC279AF57F005592EE /* FeatureModel.m */; };
		1597D6C2279AFAA6005592EE /* FeatureManager.m in Sources */ = {isa = PBXBuildFile; fileRef = 1597D6C1279AFAA6005592EE /* FeatureManager.m */; };
		1597D6CA279B0C2C005592EE /* LaunchViewController.m in Sources */ = {isa = PBXBuildFile; fileRef = 1597D6C9279B0C2C005592EE /* LaunchViewController.m */; };
		1597D6CE279B0E7B005592EE /* BusinessLaunchViewController.m in Sources */ = {isa = PBXBuildFile; fileRef = 1597D6CD279B0E7B005592EE /* BusinessLaunchViewController.m */; };
		1597D6D6279B156E005592EE /* UIViewController+Configuration.m in Sources */ = {isa = PBXBuildFile; fileRef = 1597D6D5279B156E005592EE /* UIViewController+Configuration.m */; };
		1598CAE427983B2000511EFD /* LaunchScreen.storyboard in Resources */ = {isa = PBXBuildFile; fileRef = 1598CAE327983B2000511EFD /* LaunchScreen.storyboard */; };
		1598CAEC27983B3D00511EFD /* main.m in Sources */ = {isa = PBXBuildFile; fileRef = 1598CAE827983B3D00511EFD /* main.m */; };
		159BFFA42799DAC800406C51 /* BaseLogger.m in Sources */ = {isa = PBXBuildFile; fileRef = 159BFFA22799DAC800406C51 /* BaseLogger.m */; };
		159BFFA72799E1A800406C51 /* LoggerEngine.m in Sources */ = {isa = PBXBuildFile; fileRef = 159BFFA62799E1A800406C51 /* LoggerEngine.m */; };
		15A45CF32799D2B800017F8A /* Logger.m in Sources */ = {isa = PBXBuildFile; fileRef = 15A45CF22799D2B800017F8A /* Logger.m */; };
		15A45CFE2799D2DF00017F8A /* LoggerSystem.m in Sources */ = {isa = PBXBuildFile; fileRef = 15A45CF92799D2DF00017F8A /* LoggerSystem.m */; };
		15A45D052799D36100017F8A /* BaseLoggerConfiguration.m in Sources */ = {isa = PBXBuildFile; fileRef = 15A45D032799D36100017F8A /* BaseLoggerConfiguration.m */; };
/* End PBXBuildFile section */

/* Begin PBXContainerItemProxy section */
		15277E6F2798223400FA882E /* PBXContainerItemProxy */ = {
			isa = PBXContainerItemProxy;
			containerPortal = 15277E4B2798223300FA882E /* Project object */;
			proxyType = 1;
			remoteGlobalIDString = 15277E522798223300FA882E;
			remoteInfo = Q;
		};
		15277E792798223400FA882E /* PBXContainerItemProxy */ = {
			isa = PBXContainerItemProxy;
			containerPortal = 15277E4B2798223300FA882E /* Project object */;
			proxyType = 1;
			remoteGlobalIDString = 15277E522798223300FA882E;
			remoteInfo = Q;
		};
/* End PBXContainerItemProxy section */

/* Begin PBXCopyFilesBuildPhase section */
		1530E5182799990000E4A8E4 /* Embed Frameworks */ = {
			isa = PBXCopyFilesBuildPhase;
			buildActionMask = 2147483647;
			dstPath = "";
			dstSubfolderSpec = 10;
			files = (
				1596B77D2799BF9600C28DF6 /* Chronos.framework in Embed Frameworks */,
			);
			name = "Embed Frameworks";
			runOnlyForDeploymentPostprocessing = 0;
		};
/* End PBXCopyFilesBuildPhase section */

/* Begin PBXFileReference section */
		150AA272279D9E7600AEC946 /* Router.h */ = {isa = PBXFileReference; lastKnownFileType = sourcecode.c.h; path = Router.h; sourceTree = "<group>"; };
		150AA273279D9E7600AEC946 /* Router.m */ = {isa = PBXFileReference; lastKnownFileType = sourcecode.c.objc; path = Router.m; sourceTree = "<group>"; };
		150AA275279D9E9400AEC946 /* RouteMap.h */ = {isa = PBXFileReference; lastKnownFileType = sourcecode.c.h; path = RouteMap.h; sourceTree = "<group>"; };
		150AA276279D9E9400AEC946 /* RouteMap.m */ = {isa = PBXFileReference; lastKnownFileType = sourcecode.c.objc; path = RouteMap.m; sourceTree = "<group>"; };
		150AA279279DA11500AEC946 /* RouterHeader.h */ = {isa = PBXFileReference; lastKnownFileType = sourcecode.c.h; path = RouterHeader.h; sourceTree = "<group>"; };
		15277E532798223300FA882E /* Q.app */ = {isa = PBXFileReference; explicitFileType = wrapper.application; includeInIndex = 0; path = Q.app; sourceTree = BUILT_PRODUCTS_DIR; };
		15277E622798223400FA882E /* Assets.xcassets */ = {isa = PBXFileReference; lastKnownFileType = folder.assetcatalog; path = Assets.xcassets; sourceTree = "<group>"; };
		15277E672798223400FA882E /* Info.plist */ = {isa = PBXFileReference; lastKnownFileType = text.plist.xml; path = Info.plist; sourceTree = "<group>"; };
		15277E6E2798223400FA882E /* QTests.xctest */ = {isa = PBXFileReference; explicitFileType = wrapper.cfbundle; includeInIndex = 0; path = QTests.xctest; sourceTree = BUILT_PRODUCTS_DIR; };
		15277E782798223400FA882E /* QUITests.xctest */ = {isa = PBXFileReference; explicitFileType = wrapper.cfbundle; includeInIndex = 0; path = QUITests.xctest; sourceTree = BUILT_PRODUCTS_DIR; };
		1527F13B279A714800A7482A /* CommonEntranceManager.h */ = {isa = PBXFileReference; fileEncoding = 4; lastKnownFileType = sourcecode.c.h; path = CommonEntranceManager.h; sourceTree = "<group>"; };
		1527F13C279A714800A7482A /* CommonEntranceManager.m */ = {isa = PBXFileReference; fileEncoding = 4; lastKnownFileType = sourcecode.c.objc; path = CommonEntranceManager.m; sourceTree = "<group>"; };
		1527F164279A756C00A7482A /* ThirdNavigationController.h */ = {isa = PBXFileReference; fileEncoding = 4; lastKnownFileType = sourcecode.c.h; path = ThirdNavigationController.h; sourceTree = "<group>"; };
		1527F165279A756C00A7482A /* ThirdNavigationController.m */ = {isa = PBXFileReference; fileEncoding = 4; lastKnownFileType = sourcecode.c.objc; path = ThirdNavigationController.m; sourceTree = "<group>"; };
		1527F167279A756C00A7482A /* HomeNavigationController.h */ = {isa = PBXFileReference; fileEncoding = 4; lastKnownFileType = sourcecode.c.h; path = HomeNavigationController.h; sourceTree = "<group>"; };
		1527F168279A756C00A7482A /* HomeNavigationController.m */ = {isa = PBXFileReference; fileEncoding = 4; lastKnownFileType = sourcecode.c.objc; path = HomeNavigationController.m; sourceTree = "<group>"; };
		1527F16A279A756C00A7482A /* MineNavigationController.m */ = {isa = PBXFileReference; fileEncoding = 4; lastKnownFileType = sourcecode.c.objc; path = MineNavigationController.m; sourceTree = "<group>"; };
		1527F16B279A756C00A7482A /* MineNavigationController.h */ = {isa = PBXFileReference; fileEncoding = 4; lastKnownFileType = sourcecode.c.h; path = MineNavigationController.h; sourceTree = "<group>"; };
		1527F16D279A756C00A7482A /* FeatureNavigationController.m */ = {isa = PBXFileReference; fileEncoding = 4; lastKnownFileType = sourcecode.c.objc; path = FeatureNavigationController.m; sourceTree = "<group>"; };
		1527F16E279A756C00A7482A /* FeatureNavigationController.h */ = {isa = PBXFileReference; fileEncoding = 4; lastKnownFileType = sourcecode.c.h; path = FeatureNavigationController.h; sourceTree = "<group>"; };
		1527F170279A756C00A7482A /* TabBarController.m */ = {isa = PBXFileReference; fileEncoding = 4; lastKnownFileType = sourcecode.c.objc; path = TabBarController.m; sourceTree = "<group>"; };
		1527F171279A756C00A7482A /* TabBarControllerDataProvider.h */ = {isa = PBXFileReference; fileEncoding = 4; lastKnownFileType = sourcecode.c.h; path = TabBarControllerDataProvider.h; sourceTree = "<group>"; };
		1527F172279A756C00A7482A /* TabBarController.h */ = {isa = PBXFileReference; fileEncoding = 4; lastKnownFileType = sourcecode.c.h; path = TabBarController.h; sourceTree = "<group>"; };
		1527F173279A756C00A7482A /* TabBarControllerDataProvider.m */ = {isa = PBXFileReference; fileEncoding = 4; lastKnownFileType = sourcecode.c.objc; path = TabBarControllerDataProvider.m; sourceTree = "<group>"; };
		1527F178279A756C00A7482A /* HomeViewController.m */ = {isa = PBXFileReference; fileEncoding = 4; lastKnownFileType = sourcecode.c.objc; path = HomeViewController.m; sourceTree = "<group>"; };
		1527F179279A756C00A7482A /* HomeViewController.h */ = {isa = PBXFileReference; fileEncoding = 4; lastKnownFileType = sourcecode.c.h; path = HomeViewController.h; sourceTree = "<group>"; };
		1527F17B279A756C00A7482A /* ThirdViewController.h */ = {isa = PBXFileReference; fileEncoding = 4; lastKnownFileType = sourcecode.c.h; path = ThirdViewController.h; sourceTree = "<group>"; };
		1527F17C279A756C00A7482A /* ThirdViewController.m */ = {isa = PBXFileReference; fileEncoding = 4; lastKnownFileType = sourcecode.c.objc; path = ThirdViewController.m; sourceTree = "<group>"; };
		1527F17F279A756C00A7482A /* MineViewController.h */ = {isa = PBXFileReference; fileEncoding = 4; lastKnownFileType = sourcecode.c.h; path = MineViewController.h; sourceTree = "<group>"; };
		1527F180279A756C00A7482A /* MineViewController.m */ = {isa = PBXFileReference; fileEncoding = 4; lastKnownFileType = sourcecode.c.objc; path = MineViewController.m; sourceTree = "<group>"; };
		1527F182279A756C00A7482A /* FeatureViewController.h */ = {isa = PBXFileReference; fileEncoding = 4; lastKnownFileType = sourcecode.c.h; path = FeatureViewController.h; sourceTree = "<group>"; };
		1527F183279A756C00A7482A /* FeatureViewController.m */ = {isa = PBXFileReference; fileEncoding = 4; lastKnownFileType = sourcecode.c.objc; path = FeatureViewController.m; sourceTree = "<group>"; };
		1527F187279A756C00A7482A /* BusinessEntranceManager.h */ = {isa = PBXFileReference; fileEncoding = 4; lastKnownFileType = sourcecode.c.h; path = BusinessEntranceManager.h; sourceTree = "<group>"; };
		1527F188279A756C00A7482A /* BusinessEntranceManager.m */ = {isa = PBXFileReference; fileEncoding = 4; lastKnownFileType = sourcecode.c.objc; path = BusinessEntranceManager.m; sourceTree = "<group>"; };
		1527F18C279A756C00A7482A /* BusinessApplicationDelegate.m */ = {isa = PBXFileReference; fileEncoding = 4; lastKnownFileType = sourcecode.c.objc; path = BusinessApplicationDelegate.m; sourceTree = "<group>"; };
		1527F18D279A756C00A7482A /* BusinessApplicationDelegate.h */ = {isa = PBXFileReference; fileEncoding = 4; lastKnownFileType = sourcecode.c.h; path = BusinessApplicationDelegate.h; sourceTree = "<group>"; };
		1527F19D279A75D400A7482A /* BusinessModule.m */ = {isa = PBXFileReference; fileEncoding = 4; lastKnownFileType = sourcecode.c.objc; path = BusinessModule.m; sourceTree = "<group>"; };
		1527F19E279A75D400A7482A /* BusinessModule.h */ = {isa = PBXFileReference; fileEncoding = 4; lastKnownFileType = sourcecode.c.h; path = BusinessModule.h; sourceTree = "<group>"; };
		1527F1A1279A775400A7482A /* BaseModuleHeader.h */ = {isa = PBXFileReference; lastKnownFileType = sourcecode.c.h; path = BaseModuleHeader.h; sourceTree = "<group>"; };
		1527F1A2279A776500A7482A /* BaseKitHeader.h */ = {isa = PBXFileReference; lastKnownFileType = sourcecode.c.h; path = BaseKitHeader.h; sourceTree = "<group>"; };
		1527F1AC279A7DBE00A7482A /* LoggerHeader.h */ = {isa = PBXFileReference; lastKnownFileType = sourcecode.c.h; path = LoggerHeader.h; sourceTree = "<group>"; };
		1527F1AD279A7EE900A7482A /* BaseHeader.h */ = {isa = PBXFileReference; lastKnownFileType = sourcecode.c.h; path = BaseHeader.h; sourceTree = "<group>"; };
		1527F1AE279A805B00A7482A /* CommonHeader.h */ = {isa = PBXFileReference; lastKnownFileType = sourcecode.c.h; path = CommonHeader.h; sourceTree = "<group>"; };
		1527F1B0279A855800A7482A /* CommonApplicationDelegate.h */ = {isa = PBXFileReference; lastKnownFileType = sourcecode.c.h; path = CommonApplicationDelegate.h; sourceTree = "<group>"; };
		1527F1B1279A855800A7482A /* CommonApplicationDelegate.m */ = {isa = PBXFileReference; lastKnownFileType = sourcecode.c.objc; path = CommonApplicationDelegate.m; sourceTree = "<group>"; };
		1527F1C4279A9FA500A7482A /* LoggerFileManager.h */ = {isa = PBXFileReference; lastKnownFileType = sourcecode.c.h; path = LoggerFileManager.h; sourceTree = "<group>"; };
		1527F1C5279A9FA500A7482A /* LoggerFileManager.m */ = {isa = PBXFileReference; lastKnownFileType = sourcecode.c.objc; path = LoggerFileManager.m; sourceTree = "<group>"; };
		1527F1D7279AC69100A7482A /* UIApplication+Base.h */ = {isa = PBXFileReference; lastKnownFileType = sourcecode.c.h; path = "UIApplication+Base.h"; sourceTree = "<group>"; };
		1527F1D8279AC69100A7482A /* UIApplication+Base.m */ = {isa = PBXFileReference; lastKnownFileType = sourcecode.c.objc; path = "UIApplication+Base.m"; sourceTree = "<group>"; };
		1527F1DE279AD06100A7482A /* LearnViewController.h */ = {isa = PBXFileReference; lastKnownFileType = sourcecode.c.h; path = LearnViewController.h; sourceTree = "<group>"; };
		1527F1DF279AD06100A7482A /* LearnViewController.m */ = {isa = PBXFileReference; lastKnownFileType = sourcecode.c.objc; path = LearnViewController.m; sourceTree = "<group>"; };
		1527F1E2279AD09A00A7482A /* LearnNavigationController.h */ = {isa = PBXFileReference; lastKnownFileType = sourcecode.c.h; path = LearnNavigationController.h; sourceTree = "<group>"; };
		1527F1E3279AD09A00A7482A /* LearnNavigationController.m */ = {isa = PBXFileReference; lastKnownFileType = sourcecode.c.objc; path = LearnNavigationController.m; sourceTree = "<group>"; };
		1527F1E5279AD2EB00A7482A /* FrameworkHeader.h */ = {isa = PBXFileReference; lastKnownFileType = sourcecode.c.h; path = FrameworkHeader.h; sourceTree = "<group>"; };
		1527F1E6279AD79E00A7482A /* Q-Bridging-Header.h */ = {isa = PBXFileReference; lastKnownFileType = sourcecode.c.h; path = "Q-Bridging-Header.h"; sourceTree = "<group>"; };
		1530E4192799046900E4A8E4 /* BaseApplicationDelegate.h */ = {isa = PBXFileReference; lastKnownFileType = sourcecode.c.h; path = BaseApplicationDelegate.h; sourceTree = "<group>"; };
		1530E41A2799046900E4A8E4 /* BaseApplicationDelegate.m */ = {isa = PBXFileReference; lastKnownFileType = sourcecode.c.objc; path = BaseApplicationDelegate.m; sourceTree = "<group>"; };
		1530E4292799097B00E4A8E4 /* BaseEntranceManager.h */ = {isa = PBXFileReference; lastKnownFileType = sourcecode.c.h; path = BaseEntranceManager.h; sourceTree = "<group>"; };
		1530E42A2799097B00E4A8E4 /* BaseEntranceManager.m */ = {isa = PBXFileReference; lastKnownFileType = sourcecode.c.objc; path = BaseEntranceManager.m; sourceTree = "<group>"; };
		1530E439279914EB00E4A8E4 /* BaseModuleManager.h */ = {isa = PBXFileReference; lastKnownFileType = sourcecode.c.h; path = BaseModuleManager.h; sourceTree = "<group>"; };
		1530E43A279914EB00E4A8E4 /* BaseModuleManager.m */ = {isa = PBXFileReference; lastKnownFileType = sourcecode.c.objc; path = BaseModuleManager.m; sourceTree = "<group>"; };
		1530E43F2799152900E4A8E4 /* BaseModule.h */ = {isa = PBXFileReference; lastKnownFileType = sourcecode.c.h; path = BaseModule.h; sourceTree = "<group>"; };
		1530E4402799152900E4A8E4 /* BaseModule.m */ = {isa = PBXFileReference; lastKnownFileType = sourcecode.c.objc; path = BaseModule.m; sourceTree = "<group>"; };
		1530E443279932D800E4A8E4 /* SystemModule.h */ = {isa = PBXFileReference; lastKnownFileType = sourcecode.c.h; path = SystemModule.h; sourceTree = "<group>"; };
		1530E444279932D800E4A8E4 /* SystemModule.m */ = {isa = PBXFileReference; lastKnownFileType = sourcecode.c.objc; path = SystemModule.m; sourceTree = "<group>"; };
		1530E4482799334F00E4A8E4 /* CommonModule.h */ = {isa = PBXFileReference; lastKnownFileType = sourcecode.c.h; path = CommonModule.h; sourceTree = "<group>"; };
		1530E4492799334F00E4A8E4 /* CommonModule.m */ = {isa = PBXFileReference; lastKnownFileType = sourcecode.c.objc; path = CommonModule.m; sourceTree = "<group>"; };
		1530E45627993AC100E4A8E4 /* PlayerModule.h */ = {isa = PBXFileReference; lastKnownFileType = sourcecode.c.h; path = PlayerModule.h; sourceTree = "<group>"; };
		1530E45727993AC100E4A8E4 /* PlayerModule.m */ = {isa = PBXFileReference; lastKnownFileType = sourcecode.c.objc; path = PlayerModule.m; sourceTree = "<group>"; };
		1530E45A279940C100E4A8E4 /* BaseAppStatusProtocol.h */ = {isa = PBXFileReference; lastKnownFileType = sourcecode.c.h; path = BaseAppStatusProtocol.h; sourceTree = "<group>"; };
		1530E47027996E3A00E4A8E4 /* UIKit.framework */ = {isa = PBXFileReference; lastKnownFileType = wrapper.framework; name = UIKit.framework; path = System/Library/Frameworks/UIKit.framework; sourceTree = SDKROOT; };
		1530E47227996E4C00E4A8E4 /* CoreGraphics.framework */ = {isa = PBXFileReference; lastKnownFileType = wrapper.framework; name = CoreGraphics.framework; path = System/Library/Frameworks/CoreGraphics.framework; sourceTree = SDKROOT; };
		1530E4B32799813300E4A8E4 /* libc++.tbd */ = {isa = PBXFileReference; lastKnownFileType = "sourcecode.text-based-dylib-definition"; name = "libc++.tbd"; path = "usr/lib/libc++.tbd"; sourceTree = SDKROOT; };
		1530E4D22799855B00E4A8E4 /* OpenGLES.framework */ = {isa = PBXFileReference; lastKnownFileType = wrapper.framework; name = OpenGLES.framework; path = System/Library/Frameworks/OpenGLES.framework; sourceTree = SDKROOT; };
		1530E4D52799856D00E4A8E4 /* AVFoundation.framework */ = {isa = PBXFileReference; lastKnownFileType = wrapper.framework; name = AVFoundation.framework; path = System/Library/Frameworks/AVFoundation.framework; sourceTree = SDKROOT; };
		1530E4D72799857300E4A8E4 /* Metal.framework */ = {isa = PBXFileReference; lastKnownFileType = wrapper.framework; name = Metal.framework; path = System/Library/Frameworks/Metal.framework; sourceTree = SDKROOT; };
		1530E4D92799858100E4A8E4 /* CoreMedia.framework */ = {isa = PBXFileReference; lastKnownFileType = wrapper.framework; name = CoreMedia.framework; path = System/Library/Frameworks/CoreMedia.framework; sourceTree = SDKROOT; };
		1530E4DB2799858800E4A8E4 /* CoreVideo.framework */ = {isa = PBXFileReference; lastKnownFileType = wrapper.framework; name = CoreVideo.framework; path = System/Library/Frameworks/CoreVideo.framework; sourceTree = SDKROOT; };
		1530E4DD2799859000E4A8E4 /* MediaPlayer.framework */ = {isa = PBXFileReference; lastKnownFileType = wrapper.framework; name = MediaPlayer.framework; path = System/Library/Frameworks/MediaPlayer.framework; sourceTree = SDKROOT; };
		1530E4DF279985A000E4A8E4 /* QuartzCore.framework */ = {isa = PBXFileReference; lastKnownFileType = wrapper.framework; name = QuartzCore.framework; path = System/Library/Frameworks/QuartzCore.framework; sourceTree = SDKROOT; };
		1530E4E1279985A500E4A8E4 /* MobileCoreServices.framework */ = {isa = PBXFileReference; lastKnownFileType = wrapper.framework; name = MobileCoreServices.framework; path = System/Library/Frameworks/MobileCoreServices.framework; sourceTree = SDKROOT; };
		1530E4E3279985B000E4A8E4 /* VideoToolbox.framework */ = {isa = PBXFileReference; lastKnownFileType = wrapper.framework; name = VideoToolbox.framework; path = System/Library/Frameworks/VideoToolbox.framework; sourceTree = SDKROOT; };
		1530E4E5279985BB00E4A8E4 /* AudioToolbox.framework */ = {isa = PBXFileReference; lastKnownFileType = wrapper.framework; name = AudioToolbox.framework; path = System/Library/Frameworks/AudioToolbox.framework; sourceTree = SDKROOT; };
		1530E4E727998D7400E4A8E4 /* libz.tbd */ = {isa = PBXFileReference; lastKnownFileType = "sourcecode.text-based-dylib-definition"; name = libz.tbd; path = usr/lib/libz.tbd; sourceTree = SDKROOT; };
		1530E4E827998D7E00E4A8E4 /* libbz2.tbd */ = {isa = PBXFileReference; lastKnownFileType = "sourcecode.text-based-dylib-definition"; name = libbz2.tbd; path = usr/lib/libbz2.tbd; sourceTree = SDKROOT; };
		154EBD71279E578E0048CFF5 /* UtilHeader.h */ = {isa = PBXFileReference; lastKnownFileType = sourcecode.c.h; path = UtilHeader.h; sourceTree = "<group>"; };
		154EBD72279E579C0048CFF5 /* Util.h */ = {isa = PBXFileReference; lastKnownFileType = sourcecode.c.h; path = Util.h; sourceTree = "<group>"; };
		154EBD73279E579C0048CFF5 /* Util.m */ = {isa = PBXFileReference; lastKnownFileType = sourcecode.c.objc; path = Util.m; sourceTree = "<group>"; };
		154EBD81279E6B440048CFF5 /* BaseTabBarController.h */ = {isa = PBXFileReference; lastKnownFileType = sourcecode.c.h; path = BaseTabBarController.h; sourceTree = "<group>"; };
		154EBD82279E6B440048CFF5 /* BaseTabBarController.m */ = {isa = PBXFileReference; lastKnownFileType = sourcecode.c.objc; path = BaseTabBarController.m; sourceTree = "<group>"; };
		154EBD84279E6B590048CFF5 /* BaseViewController.h */ = {isa = PBXFileReference; lastKnownFileType = sourcecode.c.h; path = BaseViewController.h; sourceTree = "<group>"; };
		154EBD85279E6B590048CFF5 /* BaseViewController.m */ = {isa = PBXFileReference; lastKnownFileType = sourcecode.c.objc; path = BaseViewController.m; sourceTree = "<group>"; };
		154EBD87279E6BB50048CFF5 /* BaseNavigationController.h */ = {isa = PBXFileReference; lastKnownFileType = sourcecode.c.h; path = BaseNavigationController.h; sourceTree = "<group>"; };
		154EBD88279E6BB50048CFF5 /* BaseNavigationController.m */ = {isa = PBXFileReference; lastKnownFileType = sourcecode.c.objc; path = BaseNavigationController.m; sourceTree = "<group>"; };
		1596B77A2799BF8500C28DF6 /* Chronos.framework */ = {isa = PBXFileReference; lastKnownFileType = wrapper.framework; name = Chronos.framework; path = Framework/Chronos.framework; sourceTree = "<group>"; };
		1597D6B7279AF29D005592EE /* FeatureModelManager.h */ = {isa = PBXFileReference; lastKnownFileType = sourcecode.c.h; path = FeatureModelManager.h; sourceTree = "<group>"; };
		1597D6B8279AF29D005592EE /* FeatureModelManager.m */ = {isa = PBXFileReference; lastKnownFileType = sourcecode.c.objc; path = FeatureModelManager.m; sourceTree = "<group>"; };
		1597D6BB279AF57F005592EE /* FeatureModel.h */ = {isa = PBXFileReference; lastKnownFileType = sourcecode.c.h; path = FeatureModel.h; sourceTree = "<group>"; };
		1597D6BC279AF57F005592EE /* FeatureModel.m */ = {isa = PBXFileReference; lastKnownFileType = sourcecode.c.objc; path = FeatureModel.m; sourceTree = "<group>"; };
		1597D6BE279AFA49005592EE /* FeatureHeader.h */ = {isa = PBXFileReference; lastKnownFileType = sourcecode.c.h; path = FeatureHeader.h; sourceTree = "<group>"; };
		1597D6C0279AFAA6005592EE /* FeatureManager.h */ = {isa = PBXFileReference; lastKnownFileType = sourcecode.c.h; path = FeatureManager.h; sourceTree = "<group>"; };
		1597D6C1279AFAA6005592EE /* FeatureManager.m */ = {isa = PBXFileReference; lastKnownFileType = sourcecode.c.objc; path = FeatureManager.m; sourceTree = "<group>"; };
		1597D6C8279B0C2C005592EE /* LaunchViewController.h */ = {isa = PBXFileReference; lastKnownFileType = sourcecode.c.h; path = LaunchViewController.h; sourceTree = "<group>"; };
		1597D6C9279B0C2C005592EE /* LaunchViewController.m */ = {isa = PBXFileReference; lastKnownFileType = sourcecode.c.objc; path = LaunchViewController.m; sourceTree = "<group>"; };
		1597D6CC279B0E7B005592EE /* BusinessLaunchViewController.h */ = {isa = PBXFileReference; lastKnownFileType = sourcecode.c.h; path = BusinessLaunchViewController.h; sourceTree = "<group>"; };
		1597D6CD279B0E7B005592EE /* BusinessLaunchViewController.m */ = {isa = PBXFileReference; lastKnownFileType = sourcecode.c.objc; path = BusinessLaunchViewController.m; sourceTree = "<group>"; };
		1597D6D4279B156E005592EE /* UIViewController+Configuration.h */ = {isa = PBXFileReference; lastKnownFileType = sourcecode.c.h; path = "UIViewController+Configuration.h"; sourceTree = "<group>"; };
		1597D6D5279B156E005592EE /* UIViewController+Configuration.m */ = {isa = PBXFileReference; lastKnownFileType = sourcecode.c.objc; path = "UIViewController+Configuration.m"; sourceTree = "<group>"; };
		1598CAE327983B2000511EFD /* LaunchScreen.storyboard */ = {isa = PBXFileReference; fileEncoding = 4; lastKnownFileType = file.storyboard; path = LaunchScreen.storyboard; sourceTree = "<group>"; };
		1598CAE827983B3D00511EFD /* main.m */ = {isa = PBXFileReference; fileEncoding = 4; lastKnownFileType = sourcecode.c.objc; path = main.m; sourceTree = "<group>"; };
		159BFFA22799DAC800406C51 /* BaseLogger.m */ = {isa = PBXFileReference; fileEncoding = 4; lastKnownFileType = sourcecode.c.objc; path = BaseLogger.m; sourceTree = "<group>"; };
		159BFFA32799DAC800406C51 /* BaseLogger.h */ = {isa = PBXFileReference; fileEncoding = 4; lastKnownFileType = sourcecode.c.h; path = BaseLogger.h; sourceTree = "<group>"; };
		159BFFA52799E1A800406C51 /* LoggerEngine.h */ = {isa = PBXFileReference; fileEncoding = 4; lastKnownFileType = sourcecode.c.h; path = LoggerEngine.h; sourceTree = "<group>"; };
		159BFFA62799E1A800406C51 /* LoggerEngine.m */ = {isa = PBXFileReference; fileEncoding = 4; lastKnownFileType = sourcecode.c.objc; path = LoggerEngine.m; sourceTree = "<group>"; };
		15A45CF12799D2B800017F8A /* Logger.h */ = {isa = PBXFileReference; fileEncoding = 4; lastKnownFileType = sourcecode.c.h; path = Logger.h; sourceTree = "<group>"; };
		15A45CF22799D2B800017F8A /* Logger.m */ = {isa = PBXFileReference; fileEncoding = 4; lastKnownFileType = sourcecode.c.objc; path = Logger.m; sourceTree = "<group>"; };
		15A45CF42799D2DF00017F8A /* LoggerSystem.h */ = {isa = PBXFileReference; fileEncoding = 4; lastKnownFileType = sourcecode.c.h; path = LoggerSystem.h; sourceTree = "<group>"; };
		15A45CF92799D2DF00017F8A /* LoggerSystem.m */ = {isa = PBXFileReference; fileEncoding = 4; lastKnownFileType = sourcecode.c.objc; path = LoggerSystem.m; sourceTree = "<group>"; };
		15A45D032799D36100017F8A /* BaseLoggerConfiguration.m */ = {isa = PBXFileReference; fileEncoding = 4; lastKnownFileType = sourcecode.c.objc; path = BaseLoggerConfiguration.m; sourceTree = "<group>"; };
		15A45D042799D36100017F8A /* BaseLoggerConfiguration.h */ = {isa = PBXFileReference; fileEncoding = 4; lastKnownFileType = sourcecode.c.h; path = BaseLoggerConfiguration.h; sourceTree = "<group>"; };
		2F2FACE48C52389856EA1C3E /* Pods-Q.debug.xcconfig */ = {isa = PBXFileReference; includeInIndex = 1; lastKnownFileType = text.xcconfig; name = "Pods-Q.debug.xcconfig"; path = "Target Support Files/Pods-Q/Pods-Q.debug.xcconfig"; sourceTree = "<group>"; };
		DE4FA9F44D6697284972CB5A /* Pods-Q.release.xcconfig */ = {isa = PBXFileReference; includeInIndex = 1; lastKnownFileType = text.xcconfig; name = "Pods-Q.release.xcconfig"; path = "Target Support Files/Pods-Q/Pods-Q.release.xcconfig"; sourceTree = "<group>"; };
		E555D12AA334E9D4FEFD4457 /* Pods_Q.framework */ = {isa = PBXFileReference; explicitFileType = wrapper.framework; includeInIndex = 0; path = Pods_Q.framework; sourceTree = BUILT_PRODUCTS_DIR; };
/* End PBXFileReference section */

/* Begin PBXFrameworksBuildPhase section */
		15277E502798223300FA882E /* Frameworks */ = {
			isa = PBXFrameworksBuildPhase;
			buildActionMask = 2147483647;
			files = (
				1530E4D62799856D00E4A8E4 /* AVFoundation.framework in Frameworks */,
				1530E4E2279985A500E4A8E4 /* MobileCoreServices.framework in Frameworks */,
				1530E4E4279985B000E4A8E4 /* VideoToolbox.framework in Frameworks */,
				1530E4E0279985A000E4A8E4 /* QuartzCore.framework in Frameworks */,
				1530E4D82799857300E4A8E4 /* Metal.framework in Frameworks */,
				1530E4B42799816100E4A8E4 /* libc++.tbd in Frameworks */,
				1530E4DA2799858100E4A8E4 /* CoreMedia.framework in Frameworks */,
				1530E47D27996F8700E4A8E4 /* Pods_Q.framework in Frameworks */,
				1530E4D42799856200E4A8E4 /* CoreGraphics.framework in Frameworks */,
				1530E4E6279985BB00E4A8E4 /* AudioToolbox.framework in Frameworks */,
				1530E4D12799855600E4A8E4 /* UIKit.framework in Frameworks */,
				1596B77C2799BF9600C28DF6 /* Chronos.framework in Frameworks */,
				1530E4DC2799858800E4A8E4 /* CoreVideo.framework in Frameworks */,
				1530E4DE2799859000E4A8E4 /* MediaPlayer.framework in Frameworks */,
				1530E4D32799855B00E4A8E4 /* OpenGLES.framework in Frameworks */,
			);
			runOnlyForDeploymentPostprocessing = 0;
		};
		15277E6B2798223400FA882E /* Frameworks */ = {
			isa = PBXFrameworksBuildPhase;
			buildActionMask = 2147483647;
			files = (
			);
			runOnlyForDeploymentPostprocessing = 0;
		};
		15277E752798223400FA882E /* Frameworks */ = {
			isa = PBXFrameworksBuildPhase;
			buildActionMask = 2147483647;
			files = (
			);
			runOnlyForDeploymentPostprocessing = 0;
		};
/* End PBXFrameworksBuildPhase section */

/* Begin PBXGroup section */
		12D629AB8FEE2E57BD3F0259 /* Pods */ = {
			isa = PBXGroup;
			children = (
				2F2FACE48C52389856EA1C3E /* Pods-Q.debug.xcconfig */,
				DE4FA9F44D6697284972CB5A /* Pods-Q.release.xcconfig */,
			);
			path = Pods;
			sourceTree = "<group>";
		};
		150AA271279D9E0500AEC946 /* RouteMap */ = {
			isa = PBXGroup;
			children = (
				150AA275279D9E9400AEC946 /* RouteMap.h */,
				150AA276279D9E9400AEC946 /* RouteMap.m */,
			);
			path = RouteMap;
			sourceTree = "<group>";
		};
		15277E4A2798223300FA882E = {
			isa = PBXGroup;
			children = (
				F117ED212ED8CC3B2B2E7D2A /* Frameworks */,
				12D629AB8FEE2E57BD3F0259 /* Pods */,
				15277E542798223300FA882E /* Products */,
				15277E552798223300FA882E /* Q */,
			);
			sourceTree = "<group>";
		};
		15277E542798223300FA882E /* Products */ = {
			isa = PBXGroup;
			children = (
				15277E532798223300FA882E /* Q.app */,
				15277E6E2798223400FA882E /* QTests.xctest */,
				15277E782798223400FA882E /* QUITests.xctest */,
			);
			name = Products;
			sourceTree = "<group>";
		};
		15277E552798223300FA882E /* Q */ = {
			isa = PBXGroup;
			children = (
				1598CAE827983B3D00511EFD /* main.m */,
				15277E672798223400FA882E /* Info.plist */,
				1598CAE327983B2000511EFD /* LaunchScreen.storyboard */,
				15277E622798223400FA882E /* Assets.xcassets */,
				1598CADC27983B1400511EFD /* src */,
				1527F1E9279AD7D600A7482A /* swift */,
			);
			path = Q;
			sourceTree = "<group>";
		};
		1527F12D279A6E8D00A7482A /* Module */ = {
			isa = PBXGroup;
			children = (
				1530E45527993A2300E4A8E4 /* PlayerModule */,
			);
			path = Module;
			sourceTree = "<group>";
		};
		1527F135279A714800A7482A /* CommonKit */ = {
			isa = PBXGroup;
			children = (
				1527F13A279A714800A7482A /* CommonEntranceManager */,
				1527F1AF279A84FA00A7482A /* CommonApplicationDelegate */,
			);
			path = CommonKit;
			sourceTree = "<group>";
		};
		1527F13A279A714800A7482A /* CommonEntranceManager */ = {
			isa = PBXGroup;
			children = (
				1527F13B279A714800A7482A /* CommonEntranceManager.h */,
				1527F13C279A714800A7482A /* CommonEntranceManager.m */,
			);
			path = CommonEntranceManager;
			sourceTree = "<group>";
		};
		1527F161279A756C00A7482A /* Business */ = {
			isa = PBXGroup;
			children = (
				1527F186279A756C00A7482A /* BusinessEntranceManager */,
				1527F162279A756C00A7482A /* Controller */,
				1527F174279A756C00A7482A /* View */,
				1527F175279A756C00A7482A /* ViewController */,
			);
			path = Business;
			sourceTree = "<group>";
		};
		1527F162279A756C00A7482A /* Controller */ = {
			isa = PBXGroup;
			children = (
				1527F1E1279AD06600A7482A /* LearnNavigationController */,
				1527F163279A756C00A7482A /* ThirdNavigationController */,
				1527F166279A756C00A7482A /* HomeNavigationController */,
				1527F169279A756C00A7482A /* MineNavigationController */,
				1527F16C279A756C00A7482A /* FeatureNavigationController */,
				1527F16F279A756C00A7482A /* TabBarController */,
			);
			path = Controller;
			sourceTree = "<group>";
		};
		1527F163279A756C00A7482A /* ThirdNavigationController */ = {
			isa = PBXGroup;
			children = (
				1527F164279A756C00A7482A /* ThirdNavigationController.h */,
				1527F165279A756C00A7482A /* ThirdNavigationController.m */,
			);
			path = ThirdNavigationController;
			sourceTree = "<group>";
		};
		1527F166279A756C00A7482A /* HomeNavigationController */ = {
			isa = PBXGroup;
			children = (
				1527F167279A756C00A7482A /* HomeNavigationController.h */,
				1527F168279A756C00A7482A /* HomeNavigationController.m */,
			);
			path = HomeNavigationController;
			sourceTree = "<group>";
		};
		1527F169279A756C00A7482A /* MineNavigationController */ = {
			isa = PBXGroup;
			children = (
				1527F16B279A756C00A7482A /* MineNavigationController.h */,
				1527F16A279A756C00A7482A /* MineNavigationController.m */,
			);
			path = MineNavigationController;
			sourceTree = "<group>";
		};
		1527F16C279A756C00A7482A /* FeatureNavigationController */ = {
			isa = PBXGroup;
			children = (
				1527F16E279A756C00A7482A /* FeatureNavigationController.h */,
				1527F16D279A756C00A7482A /* FeatureNavigationController.m */,
			);
			path = FeatureNavigationController;
			sourceTree = "<group>";
		};
		1527F16F279A756C00A7482A /* TabBarController */ = {
			isa = PBXGroup;
			children = (
				1527F170279A756C00A7482A /* TabBarController.m */,
				1527F171279A756C00A7482A /* TabBarControllerDataProvider.h */,
				1527F172279A756C00A7482A /* TabBarController.h */,
				1527F173279A756C00A7482A /* TabBarControllerDataProvider.m */,
			);
			path = TabBarController;
			sourceTree = "<group>";
		};
		1527F174279A756C00A7482A /* View */ = {
			isa = PBXGroup;
			children = (
			);
			path = View;
			sourceTree = "<group>";
		};
		1527F175279A756C00A7482A /* ViewController */ = {
			isa = PBXGroup;
			children = (
				1597D6C7279B0BFD005592EE /* Launch */,
				1527F1DD279AD04600A7482A /* Learn */,
				1527F177279A756C00A7482A /* Home */,
				1527F17A279A756C00A7482A /* Third */,
				1527F17E279A756C00A7482A /* Mine */,
				1527F181279A756C00A7482A /* Feature */,
			);
			path = ViewController;
			sourceTree = "<group>";
		};
		1527F177279A756C00A7482A /* Home */ = {
			isa = PBXGroup;
			children = (
				1527F179279A756C00A7482A /* HomeViewController.h */,
				1527F178279A756C00A7482A /* HomeViewController.m */,
			);
			path = Home;
			sourceTree = "<group>";
		};
		1527F17A279A756C00A7482A /* Third */ = {
			isa = PBXGroup;
			children = (
				1527F17B279A756C00A7482A /* ThirdViewController.h */,
				1527F17C279A756C00A7482A /* ThirdViewController.m */,
			);
			path = Third;
			sourceTree = "<group>";
		};
		1527F17E279A756C00A7482A /* Mine */ = {
			isa = PBXGroup;
			children = (
				1527F17F279A756C00A7482A /* MineViewController.h */,
				1527F180279A756C00A7482A /* MineViewController.m */,
			);
			path = Mine;
			sourceTree = "<group>";
		};
		1527F181279A756C00A7482A /* Feature */ = {
			isa = PBXGroup;
			children = (
				1527F182279A756C00A7482A /* FeatureViewController.h */,
				1527F183279A756C00A7482A /* FeatureViewController.m */,
			);
			path = Feature;
			sourceTree = "<group>";
		};
		1527F186279A756C00A7482A /* BusinessEntranceManager */ = {
			isa = PBXGroup;
			children = (
				1527F187279A756C00A7482A /* BusinessEntranceManager.h */,
				1527F188279A756C00A7482A /* BusinessEntranceManager.m */,
			);
			path = BusinessEntranceManager;
			sourceTree = "<group>";
		};
		1527F1A7279A7CAE00A7482A /* LoggerEngine */ = {
			isa = PBXGroup;
			children = (
				159BFFA52799E1A800406C51 /* LoggerEngine.h */,
				159BFFA62799E1A800406C51 /* LoggerEngine.m */,
			);
			path = LoggerEngine;
			sourceTree = "<group>";
		};
		1527F1A8279A7CBB00A7482A /* BaseLogger */ = {
			isa = PBXGroup;
			children = (
				159BFFA32799DAC800406C51 /* BaseLogger.h */,
				159BFFA22799DAC800406C51 /* BaseLogger.m */,
			);
			path = BaseLogger;
			sourceTree = "<group>";
		};
		1527F1A9279A7CD200A7482A /* Logger */ = {
			isa = PBXGroup;
			children = (
				15A45CF12799D2B800017F8A /* Logger.h */,
				15A45CF22799D2B800017F8A /* Logger.m */,
			);
			path = Logger;
			sourceTree = "<group>";
		};
		1527F1AA279A7CDE00A7482A /* BaseLoggerConfiguration */ = {
			isa = PBXGroup;
			children = (
				15A45D042799D36100017F8A /* BaseLoggerConfiguration.h */,
				15A45D032799D36100017F8A /* BaseLoggerConfiguration.m */,
			);
			path = BaseLoggerConfiguration;
			sourceTree = "<group>";
		};
		1527F1AB279A7D4000A7482A /* LoggerSystem */ = {
			isa = PBXGroup;
			children = (
				15A45CF42799D2DF00017F8A /* LoggerSystem.h */,
				15A45CF92799D2DF00017F8A /* LoggerSystem.m */,
			);
			path = LoggerSystem;
			sourceTree = "<group>";
		};
		1527F1AF279A84FA00A7482A /* CommonApplicationDelegate */ = {
			isa = PBXGroup;
			children = (
				1527F1B0279A855800A7482A /* CommonApplicationDelegate.h */,
				1527F1B1279A855800A7482A /* CommonApplicationDelegate.m */,
			);
			path = CommonApplicationDelegate;
			sourceTree = "<group>";
		};
		1527F1B3279A8F4100A7482A /* LoggerFileDelegate */ = {
			isa = PBXGroup;
			children = (
			);
			path = LoggerFileDelegate;
			sourceTree = "<group>";
		};
		1527F1BD279A9EFF00A7482A /* LoggerFileManager */ = {
			isa = PBXGroup;
			children = (
				1527F1C4279A9FA500A7482A /* LoggerFileManager.h */,
				1527F1C5279A9FA500A7482A /* LoggerFileManager.m */,
			);
			path = LoggerFileManager;
			sourceTree = "<group>";
		};
		1527F1DB279ACA0500A7482A /* Protocol */ = {
			isa = PBXGroup;
			children = (
				1530E45A279940C100E4A8E4 /* BaseAppStatusProtocol.h */,
			);
			path = Protocol;
			sourceTree = "<group>";
		};
		1527F1DD279AD04600A7482A /* Learn */ = {
			isa = PBXGroup;
			children = (
				1527F1DE279AD06100A7482A /* LearnViewController.h */,
				1527F1DF279AD06100A7482A /* LearnViewController.m */,
			);
			path = Learn;
			sourceTree = "<group>";
		};
		1527F1E1279AD06600A7482A /* LearnNavigationController */ = {
			isa = PBXGroup;
			children = (
				1527F1E2279AD09A00A7482A /* LearnNavigationController.h */,
				1527F1E3279AD09A00A7482A /* LearnNavigationController.m */,
			);
			path = LearnNavigationController;
			sourceTree = "<group>";
		};
		1527F1E9279AD7D600A7482A /* swift */ = {
			isa = PBXGroup;
			children = (
				1527F1E6279AD79E00A7482A /* Q-Bridging-Header.h */,
			);
			path = swift;
			sourceTree = "<group>";
		};
		1530E4182799043800E4A8E4 /* BaseApplicationDelegate */ = {
			isa = PBXGroup;
			children = (
				1530E4192799046900E4A8E4 /* BaseApplicationDelegate.h */,
				1530E41A2799046900E4A8E4 /* BaseApplicationDelegate.m */,
			);
			path = BaseApplicationDelegate;
			sourceTree = "<group>";
		};
		1530E421279906FA00E4A8E4 /* Application */ = {
			isa = PBXGroup;
			children = (
				1527F1D7279AC69100A7482A /* UIApplication+Base.h */,
				1527F1D8279AC69100A7482A /* UIApplication+Base.m */,
			);
			path = Application;
			sourceTree = "<group>";
		};
		1530E433279911D400E4A8E4 /* BaseEntranceManager */ = {
			isa = PBXGroup;
			children = (
				1530E4292799097B00E4A8E4 /* BaseEntranceManager.h */,
				1530E42A2799097B00E4A8E4 /* BaseEntranceManager.m */,
			);
			path = BaseEntranceManager;
			sourceTree = "<group>";
		};
		1530E4382799137200E4A8E4 /* Module */ = {
			isa = PBXGroup;
			children = (
				1530E43D2799150A00E4A8E4 /* BaseModule */,
				1530E43C279914FB00E4A8E4 /* BaseModuleManager */,
				1527F1A1279A775400A7482A /* BaseModuleHeader.h */,
			);
			path = Module;
			sourceTree = "<group>";
		};
		1530E43C279914FB00E4A8E4 /* BaseModuleManager */ = {
			isa = PBXGroup;
			children = (
				1530E439279914EB00E4A8E4 /* BaseModuleManager.h */,
				1530E43A279914EB00E4A8E4 /* BaseModuleManager.m */,
			);
			path = BaseModuleManager;
			sourceTree = "<group>";
		};
		1530E43D2799150A00E4A8E4 /* BaseModule */ = {
			isa = PBXGroup;
			children = (
				1530E44B2799336400E4A8E4 /* BusinessModule */,
				1530E4472799333200E4A8E4 /* CommonModule */,
				1530E4462799332A00E4A8E4 /* SystemModule */,
				1530E43F2799152900E4A8E4 /* BaseModule.h */,
				1530E4402799152900E4A8E4 /* BaseModule.m */,
			);
			path = BaseModule;
			sourceTree = "<group>";
		};
		1530E4462799332A00E4A8E4 /* SystemModule */ = {
			isa = PBXGroup;
			children = (
				1530E443279932D800E4A8E4 /* SystemModule.h */,
				1530E444279932D800E4A8E4 /* SystemModule.m */,
			);
			path = SystemModule;
			sourceTree = "<group>";
		};
		1530E4472799333200E4A8E4 /* CommonModule */ = {
			isa = PBXGroup;
			children = (
				1530E4482799334F00E4A8E4 /* CommonModule.h */,
				1530E4492799334F00E4A8E4 /* CommonModule.m */,
			);
			path = CommonModule;
			sourceTree = "<group>";
		};
		1530E44B2799336400E4A8E4 /* BusinessModule */ = {
			isa = PBXGroup;
			children = (
				1527F19E279A75D400A7482A /* BusinessModule.h */,
				1527F19D279A75D400A7482A /* BusinessModule.m */,
			);
			path = BusinessModule;
			sourceTree = "<group>";
		};
		1530E45527993A2300E4A8E4 /* PlayerModule */ = {
			isa = PBXGroup;
			children = (
				1530E45627993AC100E4A8E4 /* PlayerModule.h */,
				1530E45727993AC100E4A8E4 /* PlayerModule.m */,
			);
			path = PlayerModule;
			sourceTree = "<group>";
		};
		1597D6B6279AF254005592EE /* ModelManager */ = {
			isa = PBXGroup;
			children = (
				1597D6B7279AF29D005592EE /* FeatureModelManager.h */,
				1597D6B8279AF29D005592EE /* FeatureModelManager.m */,
			);
			path = ModelManager;
			sourceTree = "<group>";
		};
		1597D6BA279AF566005592EE /* Model */ = {
			isa = PBXGroup;
			children = (
				1597D6BB279AF57F005592EE /* FeatureModel.h */,
				1597D6BC279AF57F005592EE /* FeatureModel.m */,
			);
			path = Model;
			sourceTree = "<group>";
		};
		1597D6BF279AFA6D005592EE /* FeatureManager */ = {
			isa = PBXGroup;
			children = (
				1597D6C0279AFAA6005592EE /* FeatureManager.h */,
				1597D6C1279AFAA6005592EE /* FeatureManager.m */,
			);
			path = FeatureManager;
			sourceTree = "<group>";
		};
		1597D6C7279B0BFD005592EE /* Launch */ = {
			isa = PBXGroup;
			children = (
				1597D6CC279B0E7B005592EE /* BusinessLaunchViewController.h */,
				1597D6CD279B0E7B005592EE /* BusinessLaunchViewController.m */,
			);
			path = Launch;
			sourceTree = "<group>";
		};
		1597D6CB279B0CFE005592EE /* Launch */ = {
			isa = PBXGroup;
			children = (
				1597D6C8279B0C2C005592EE /* LaunchViewController.h */,
				1597D6C9279B0C2C005592EE /* LaunchViewController.m */,
			);
			path = Launch;
			sourceTree = "<group>";
		};
		1597D6D0279B12FD005592EE /* ViewController */ = {
			isa = PBXGroup;
			children = (
				1597D6D4279B156E005592EE /* UIViewController+Configuration.h */,
				1597D6D5279B156E005592EE /* UIViewController+Configuration.m */,
				154EBD81279E6B440048CFF5 /* BaseTabBarController.h */,
				154EBD82279E6B440048CFF5 /* BaseTabBarController.m */,
				154EBD84279E6B590048CFF5 /* BaseViewController.h */,
				154EBD85279E6B590048CFF5 /* BaseViewController.m */,
				154EBD87279E6BB50048CFF5 /* BaseNavigationController.h */,
				154EBD88279E6BB50048CFF5 /* BaseNavigationController.m */,
			);
			path = ViewController;
			sourceTree = "<group>";
		};
		1598CAB827983AFF00511EFD /* base */ = {
			isa = PBXGroup;
			children = (
				1527F1AD279A7EE900A7482A /* BaseHeader.h */,
				1527F1E5279AD2EB00A7482A /* FrameworkHeader.h */,
				1598CAC327983AFF00511EFD /* BaseKit */,
				1598CAC227983AFF00511EFD /* Data */,
				1598CAC027983AFF00511EFD /* Device */,
				1598CAC127983AFF00511EFD /* Feature */,
				1598CABD27983AFF00511EFD /* File */,
				1598CABB27983AFF00511EFD /* Logger */,
				1530E4382799137200E4A8E4 /* Module */,
				1598CABA27983AFF00511EFD /* Monitor */,
				1598CABE27983AFF00511EFD /* Network */,
				1598CAD427983AFF00511EFD /* Player */,
				1527F1DB279ACA0500A7482A /* Protocol */,
				1598CAD527983AFF00511EFD /* Router */,
				1598CABF27983AFF00511EFD /* Theme */,
				1598CAB927983AFF00511EFD /* Tracer */,
				1598CABC27983AFF00511EFD /* Util */,
			);
			path = base;
			sourceTree = "<group>";
		};
		1598CAB927983AFF00511EFD /* Tracer */ = {
			isa = PBXGroup;
			children = (
			);
			path = Tracer;
			sourceTree = "<group>";
		};
		1598CABA27983AFF00511EFD /* Monitor */ = {
			isa = PBXGroup;
			children = (
			);
			path = Monitor;
			sourceTree = "<group>";
		};
		1598CABB27983AFF00511EFD /* Logger */ = {
			isa = PBXGroup;
			children = (
				1527F1BD279A9EFF00A7482A /* LoggerFileManager */,
				1527F1B3279A8F4100A7482A /* LoggerFileDelegate */,
				1527F1AB279A7D4000A7482A /* LoggerSystem */,
				1527F1AA279A7CDE00A7482A /* BaseLoggerConfiguration */,
				1527F1A9279A7CD200A7482A /* Logger */,
				1527F1A8279A7CBB00A7482A /* BaseLogger */,
				1527F1A7279A7CAE00A7482A /* LoggerEngine */,
				1527F1AC279A7DBE00A7482A /* LoggerHeader.h */,
			);
			path = Logger;
			sourceTree = "<group>";
		};
		1598CABC27983AFF00511EFD /* Util */ = {
			isa = PBXGroup;
			children = (
				154EBD71279E578E0048CFF5 /* UtilHeader.h */,
				154EBD72279E579C0048CFF5 /* Util.h */,
				154EBD73279E579C0048CFF5 /* Util.m */,
			);
			path = Util;
			sourceTree = "<group>";
		};
		1598CABD27983AFF00511EFD /* File */ = {
			isa = PBXGroup;
			children = (
			);
			path = File;
			sourceTree = "<group>";
		};
		1598CABE27983AFF00511EFD /* Network */ = {
			isa = PBXGroup;
			children = (
			);
			path = Network;
			sourceTree = "<group>";
		};
		1598CABF27983AFF00511EFD /* Theme */ = {
			isa = PBXGroup;
			children = (
			);
			path = Theme;
			sourceTree = "<group>";
		};
		1598CAC027983AFF00511EFD /* Device */ = {
			isa = PBXGroup;
			children = (
			);
			path = Device;
			sourceTree = "<group>";
		};
		1598CAC127983AFF00511EFD /* Feature */ = {
			isa = PBXGroup;
			children = (
				1597D6BF279AFA6D005592EE /* FeatureManager */,
				1597D6BA279AF566005592EE /* Model */,
				1597D6B6279AF254005592EE /* ModelManager */,
				1597D6BE279AFA49005592EE /* FeatureHeader.h */,
			);
			path = Feature;
			sourceTree = "<group>";
		};
		1598CAC227983AFF00511EFD /* Data */ = {
			isa = PBXGroup;
			children = (
			);
			path = Data;
			sourceTree = "<group>";
		};
		1598CAC327983AFF00511EFD /* BaseKit */ = {
			isa = PBXGroup;
			children = (
				1597D6D0279B12FD005592EE /* ViewController */,
				1597D6CB279B0CFE005592EE /* Launch */,
				1530E433279911D400E4A8E4 /* BaseEntranceManager */,
				1530E4182799043800E4A8E4 /* BaseApplicationDelegate */,
				1530E421279906FA00E4A8E4 /* Application */,
				1527F1A2279A776500A7482A /* BaseKitHeader.h */,
			);
			path = BaseKit;
			sourceTree = "<group>";
		};
		1598CAD427983AFF00511EFD /* Player */ = {
			isa = PBXGroup;
			children = (
			);
			path = Player;
			sourceTree = "<group>";
		};
		1598CAD527983AFF00511EFD /* Router */ = {
			isa = PBXGroup;
			children = (
				150AA271279D9E0500AEC946 /* RouteMap */,
				150AA272279D9E7600AEC946 /* Router.h */,
				150AA273279D9E7600AEC946 /* Router.m */,
				150AA279279DA11500AEC946 /* RouterHeader.h */,
			);
			path = Router;
			sourceTree = "<group>";
		};
		1598CADB27983B0B00511EFD /* common */ = {
			isa = PBXGroup;
			children = (
				1527F135279A714800A7482A /* CommonKit */,
				1527F12D279A6E8D00A7482A /* Module */,
				1527F1AE279A805B00A7482A /* CommonHeader.h */,
			);
			path = common;
			sourceTree = "<group>";
		};
		1598CADC27983B1400511EFD /* src */ = {
			isa = PBXGroup;
			children = (
				1598CAB827983AFF00511EFD /* base */,
				1598CADD27983B1400511EFD /* business */,
				1598CADB27983B0B00511EFD /* common */,
			);
			path = src;
			sourceTree = "<group>";
		};
		1598CADD27983B1400511EFD /* business */ = {
			isa = PBXGroup;
			children = (
				1527F18D279A756C00A7482A /* BusinessApplicationDelegate.h */,
				1527F18C279A756C00A7482A /* BusinessApplicationDelegate.m */,
				1527F161279A756C00A7482A /* Business */,
			);
			path = business;
			sourceTree = "<group>";
		};
		F117ED212ED8CC3B2B2E7D2A /* Frameworks */ = {
			isa = PBXGroup;
			children = (
				1596B77A2799BF8500C28DF6 /* Chronos.framework */,
				1530E4E827998D7E00E4A8E4 /* libbz2.tbd */,
				1530E4E727998D7400E4A8E4 /* libz.tbd */,
				1530E4E5279985BB00E4A8E4 /* AudioToolbox.framework */,
				1530E4E3279985B000E4A8E4 /* VideoToolbox.framework */,
				1530E4E1279985A500E4A8E4 /* MobileCoreServices.framework */,
				1530E4DF279985A000E4A8E4 /* QuartzCore.framework */,
				1530E4DD2799859000E4A8E4 /* MediaPlayer.framework */,
				1530E4DB2799858800E4A8E4 /* CoreVideo.framework */,
				1530E4D92799858100E4A8E4 /* CoreMedia.framework */,
				1530E4D72799857300E4A8E4 /* Metal.framework */,
				1530E4D52799856D00E4A8E4 /* AVFoundation.framework */,
				1530E4D22799855B00E4A8E4 /* OpenGLES.framework */,
				1530E4B32799813300E4A8E4 /* libc++.tbd */,
				1530E47227996E4C00E4A8E4 /* CoreGraphics.framework */,
				1530E47027996E3A00E4A8E4 /* UIKit.framework */,
				E555D12AA334E9D4FEFD4457 /* Pods_Q.framework */,
			);
			name = Frameworks;
			sourceTree = "<group>";
		};
/* End PBXGroup section */

/* Begin PBXNativeTarget section */
		15277E522798223300FA882E /* Q */ = {
			isa = PBXNativeTarget;
			buildConfigurationList = 15277E822798223400FA882E /* Build configuration list for PBXNativeTarget "Q" */;
			buildPhases = (
				62A35F9F04A016EF8C7831A5 /* [CP] Check Pods Manifest.lock */,
				78FE6A3CD4A6FD031F7D7CA4 /* [CP-User] Run Flutter Build flutter_module Script */,
				15277E4F2798223300FA882E /* Sources */,
				15277E502798223300FA882E /* Frameworks */,
				15277E512798223300FA882E /* Resources */,
				D3E3FFCB9F8594468496714B /* [CP] Embed Pods Frameworks */,
				1530E5182799990000E4A8E4 /* Embed Frameworks */,
			);
			buildRules = (
			);
			dependencies = (
			);
			name = Q;
			productName = Q;
			productReference = 15277E532798223300FA882E /* Q.app */;
			productType = "com.apple.product-type.application";
		};
		15277E6D2798223400FA882E /* QTests */ = {
			isa = PBXNativeTarget;
			buildConfigurationList = 15277E852798223400FA882E /* Build configuration list for PBXNativeTarget "QTests" */;
			buildPhases = (
				15277E6A2798223400FA882E /* Sources */,
				15277E6B2798223400FA882E /* Frameworks */,
				15277E6C2798223400FA882E /* Resources */,
			);
			buildRules = (
			);
			dependencies = (
				15277E702798223400FA882E /* PBXTargetDependency */,
			);
			name = QTests;
			productName = QTests;
			productReference = 15277E6E2798223400FA882E /* QTests.xctest */;
			productType = "com.apple.product-type.bundle.unit-test";
		};
		15277E772798223400FA882E /* QUITests */ = {
			isa = PBXNativeTarget;
			buildConfigurationList = 15277E882798223400FA882E /* Build configuration list for PBXNativeTarget "QUITests" */;
			buildPhases = (
				15277E742798223400FA882E /* Sources */,
				15277E752798223400FA882E /* Frameworks */,
				15277E762798223400FA882E /* Resources */,
			);
			buildRules = (
			);
			dependencies = (
				15277E7A2798223400FA882E /* PBXTargetDependency */,
			);
			name = QUITests;
			productName = QUITests;
			productReference = 15277E782798223400FA882E /* QUITests.xctest */;
			productType = "com.apple.product-type.bundle.ui-testing";
		};
/* End PBXNativeTarget section */

/* Begin PBXProject section */
		15277E4B2798223300FA882E /* Project object */ = {
			isa = PBXProject;
			attributes = {
				BuildIndependentTargetsInParallel = 1;
				LastUpgradeCheck = 1320;
				TargetAttributes = {
					15277E522798223300FA882E = {
						CreatedOnToolsVersion = 13.2.1;
						LastSwiftMigration = 1320;
					};
					15277E6D2798223400FA882E = {
						CreatedOnToolsVersion = 13.2.1;
						TestTargetID = 15277E522798223300FA882E;
					};
					15277E772798223400FA882E = {
						CreatedOnToolsVersion = 13.2.1;
						TestTargetID = 15277E522798223300FA882E;
					};
				};
			};
			buildConfigurationList = 15277E4E2798223300FA882E /* Build configuration list for PBXProject "Q" */;
			compatibilityVersion = "Xcode 13.0";
			developmentRegion = en;
			hasScannedForEncodings = 0;
			knownRegions = (
				en,
				Base,
			);
			mainGroup = 15277E4A2798223300FA882E;
			productRefGroup = 15277E542798223300FA882E /* Products */;
			projectDirPath = "";
			projectRoot = "";
			targets = (
				15277E522798223300FA882E /* Q */,
				15277E6D2798223400FA882E /* QTests */,
				15277E772798223400FA882E /* QUITests */,
			);
		};
/* End PBXProject section */

/* Begin PBXResourcesBuildPhase section */
		15277E512798223300FA882E /* Resources */ = {
			isa = PBXResourcesBuildPhase;
			buildActionMask = 2147483647;
			files = (
				1598CAE427983B2000511EFD /* LaunchScreen.storyboard in Resources */,
				15277E632798223400FA882E /* Assets.xcassets in Resources */,
			);
			runOnlyForDeploymentPostprocessing = 0;
		};
		15277E6C2798223400FA882E /* Resources */ = {
			isa = PBXResourcesBuildPhase;
			buildActionMask = 2147483647;
			files = (
			);
			runOnlyForDeploymentPostprocessing = 0;
		};
		15277E762798223400FA882E /* Resources */ = {
			isa = PBXResourcesBuildPhase;
			buildActionMask = 2147483647;
			files = (
			);
			runOnlyForDeploymentPostprocessing = 0;
		};
/* End PBXResourcesBuildPhase section */

/* Begin PBXShellScriptBuildPhase section */
		62A35F9F04A016EF8C7831A5 /* [CP] Check Pods Manifest.lock */ = {
			isa = PBXShellScriptBuildPhase;
			buildActionMask = 2147483647;
			files = (
			);
			inputFileListPaths = (
			);
			inputPaths = (
				"${PODS_PODFILE_DIR_PATH}/Podfile.lock",
				"${PODS_ROOT}/Manifest.lock",
			);
			name = "[CP] Check Pods Manifest.lock";
			outputFileListPaths = (
			);
			outputPaths = (
				"$(DERIVED_FILE_DIR)/Pods-Q-checkManifestLockResult.txt",
			);
			runOnlyForDeploymentPostprocessing = 0;
			shellPath = /bin/sh;
			shellScript = "diff \"${PODS_PODFILE_DIR_PATH}/Podfile.lock\" \"${PODS_ROOT}/Manifest.lock\" > /dev/null\nif [ $? != 0 ] ; then\n    # print error to STDERR\n    echo \"error: The sandbox is not in sync with the Podfile.lock. Run 'pod install' or update your CocoaPods installation.\" >&2\n    exit 1\nfi\n# This output is used by Xcode 'outputs' to avoid re-running this script phase.\necho \"SUCCESS\" > \"${SCRIPT_OUTPUT_FILE_0}\"\n";
			showEnvVarsInLog = 0;
		};
		78FE6A3CD4A6FD031F7D7CA4 /* [CP-User] Run Flutter Build flutter_module Script */ = {
			isa = PBXShellScriptBuildPhase;
			buildActionMask = 2147483647;
			files = (
			);
			name = "[CP-User] Run Flutter Build flutter_module Script";
			runOnlyForDeploymentPostprocessing = 0;
			shellPath = /bin/sh;
			shellScript = "set -e\nset -u\nsource \"${SRCROOT}/DevelopPods/flutter_module/.ios/Flutter/flutter_export_environment.sh\"\nexport VERBOSE_SCRIPT_LOGGING=1 && \"$FLUTTER_ROOT\"/packages/flutter_tools/bin/xcode_backend.sh build";
		};
		D3E3FFCB9F8594468496714B /* [CP] Embed Pods Frameworks */ = {
			isa = PBXShellScriptBuildPhase;
			buildActionMask = 2147483647;
			files = (
			);
			inputFileListPaths = (
				"${PODS_ROOT}/Target Support Files/Pods-Q/Pods-Q-frameworks-${CONFIGURATION}-input-files.xcfilelist",
			);
			name = "[CP] Embed Pods Frameworks";
			outputFileListPaths = (
				"${PODS_ROOT}/Target Support Files/Pods-Q/Pods-Q-frameworks-${CONFIGURATION}-output-files.xcfilelist",
			);
			runOnlyForDeploymentPostprocessing = 0;
			shellPath = /bin/sh;
			shellScript = "\"${PODS_ROOT}/Target Support Files/Pods-Q/Pods-Q-frameworks.sh\"\n";
			showEnvVarsInLog = 0;
		};
/* End PBXShellScriptBuildPhase section */

/* Begin PBXSourcesBuildPhase section */
		15277E4F2798223300FA882E /* Sources */ = {
			isa = PBXSourcesBuildPhase;
			buildActionMask = 2147483647;
			files = (
				1597D6BD279AF57F005592EE /* FeatureModel.m in Sources */,
				154EBD86279E6B590048CFF5 /* BaseViewController.m in Sources */,
				15A45CF32799D2B800017F8A /* Logger.m in Sources */,
				159BFFA42799DAC800406C51 /* BaseLogger.m in Sources */,
				1527F19F279A75D400A7482A /* BusinessModule.m in Sources */,
				150AA274279D9E7600AEC946 /* Router.m in Sources */,
				154EBD74279E579C0048CFF5 /* Util.m in Sources */,
				1527F196279A756C00A7482A /* ThirdViewController.m in Sources */,
				1527F19A279A756C00A7482A /* BusinessEntranceManager.m in Sources */,
				154EBD83279E6B440048CFF5 /* BaseTabBarController.m in Sources */,
				1530E445279932D800E4A8E4 /* SystemModule.m in Sources */,
				1527F1D9279AC69100A7482A /* UIApplication+Base.m in Sources */,
				1530E43B279914EB00E4A8E4 /* BaseModuleManager.m in Sources */,
				1527F191279A756C00A7482A /* MineNavigationController.m in Sources */,
				154EBD89279E6BB50048CFF5 /* BaseNavigationController.m in Sources */,
				1527F19C279A756C00A7482A /* BusinessApplicationDelegate.m in Sources */,
				1597D6CA279B0C2C005592EE /* LaunchViewController.m in Sources */,
				1527F199279A756C00A7482A /* FeatureViewController.m in Sources */,
				1530E45827993AC100E4A8E4 /* PlayerModule.m in Sources */,
				1527F156279A714800A7482A /* CommonEntranceManager.m in Sources */,
				1527F194279A756C00A7482A /* TabBarControllerDataProvider.m in Sources */,
				1527F1B2279A855800A7482A /* CommonApplicationDelegate.m in Sources */,
				1530E44A2799334F00E4A8E4 /* CommonModule.m in Sources */,
				1597D6CE279B0E7B005592EE /* BusinessLaunchViewController.m in Sources */,
				1530E41B2799046900E4A8E4 /* BaseApplicationDelegate.m in Sources */,
				1530E4412799152900E4A8E4 /* BaseModule.m in Sources */,
				1527F198279A756C00A7482A /* MineViewController.m in Sources */,
				1527F192279A756C00A7482A /* FeatureNavigationController.m in Sources */,
				1527F195279A756C00A7482A /* HomeViewController.m in Sources */,
				159BFFA72799E1A800406C51 /* LoggerEngine.m in Sources */,
				1527F18F279A756C00A7482A /* ThirdNavigationController.m in Sources */,
				1527F1C6279A9FA500A7482A /* LoggerFileManager.m in Sources */,
				1530E42B2799097B00E4A8E4 /* BaseEntranceManager.m in Sources */,
				150AA277279D9E9400AEC946 /* RouteMap.m in Sources */,
				15A45CFE2799D2DF00017F8A /* LoggerSystem.m in Sources */,
				1597D6C2279AFAA6005592EE /* FeatureManager.m in Sources */,
				1527F1E0279AD06100A7482A /* LearnViewController.m in Sources */,
				15A45D052799D36100017F8A /* BaseLoggerConfiguration.m in Sources */,
				1527F1E4279AD09A00A7482A /* LearnNavigationController.m in Sources */,
				1597D6B9279AF29D005592EE /* FeatureModelManager.m in Sources */,
				1527F193279A756C00A7482A /* TabBarController.m in Sources */,
				1598CAEC27983B3D00511EFD /* main.m in Sources */,
				1527F190279A756C00A7482A /* HomeNavigationController.m in Sources */,
				1597D6D6279B156E005592EE /* UIViewController+Configuration.m in Sources */,
			);
			runOnlyForDeploymentPostprocessing = 0;
		};
		15277E6A2798223400FA882E /* Sources */ = {
			isa = PBXSourcesBuildPhase;
			buildActionMask = 2147483647;
			files = (
			);
			runOnlyForDeploymentPostprocessing = 0;
		};
		15277E742798223400FA882E /* Sources */ = {
			isa = PBXSourcesBuildPhase;
			buildActionMask = 2147483647;
			files = (
			);
			runOnlyForDeploymentPostprocessing = 0;
		};
/* End PBXSourcesBuildPhase section */

/* Begin PBXTargetDependency section */
		15277E702798223400FA882E /* PBXTargetDependency */ = {
			isa = PBXTargetDependency;
			target = 15277E522798223300FA882E /* Q */;
			targetProxy = 15277E6F2798223400FA882E /* PBXContainerItemProxy */;
		};
		15277E7A2798223400FA882E /* PBXTargetDependency */ = {
			isa = PBXTargetDependency;
			target = 15277E522798223300FA882E /* Q */;
			targetProxy = 15277E792798223400FA882E /* PBXContainerItemProxy */;
		};
/* End PBXTargetDependency section */

/* Begin XCBuildConfiguration section */
		15277E802798223400FA882E /* Debug */ = {
			isa = XCBuildConfiguration;
			buildSettings = {
				ALWAYS_SEARCH_USER_PATHS = NO;
				CLANG_ANALYZER_NONNULL = YES;
				CLANG_ANALYZER_NUMBER_OBJECT_CONVERSION = YES_AGGRESSIVE;
				CLANG_CXX_LANGUAGE_STANDARD = "gnu++17";
				CLANG_CXX_LIBRARY = "libc++";
				CLANG_ENABLE_MODULES = YES;
				CLANG_ENABLE_OBJC_ARC = YES;
				CLANG_ENABLE_OBJC_WEAK = YES;
				CLANG_WARN_BLOCK_CAPTURE_AUTORELEASING = YES;
				CLANG_WARN_BOOL_CONVERSION = YES;
				CLANG_WARN_COMMA = YES;
				CLANG_WARN_CONSTANT_CONVERSION = YES;
				CLANG_WARN_DEPRECATED_OBJC_IMPLEMENTATIONS = YES;
				CLANG_WARN_DIRECT_OBJC_ISA_USAGE = YES_ERROR;
				CLANG_WARN_DOCUMENTATION_COMMENTS = YES;
				CLANG_WARN_EMPTY_BODY = YES;
				CLANG_WARN_ENUM_CONVERSION = YES;
				CLANG_WARN_INFINITE_RECURSION = YES;
				CLANG_WARN_INT_CONVERSION = YES;
				CLANG_WARN_NON_LITERAL_NULL_CONVERSION = YES;
				CLANG_WARN_OBJC_IMPLICIT_RETAIN_SELF = YES;
				CLANG_WARN_OBJC_LITERAL_CONVERSION = YES;
				CLANG_WARN_OBJC_ROOT_CLASS = YES_ERROR;
				CLANG_WARN_QUOTED_INCLUDE_IN_FRAMEWORK_HEADER = YES;
				CLANG_WARN_RANGE_LOOP_ANALYSIS = YES;
				CLANG_WARN_STRICT_PROTOTYPES = YES;
				CLANG_WARN_SUSPICIOUS_MOVE = YES;
				CLANG_WARN_UNGUARDED_AVAILABILITY = YES_AGGRESSIVE;
				CLANG_WARN_UNREACHABLE_CODE = YES;
				CLANG_WARN__DUPLICATE_METHOD_MATCH = YES;
				COPY_PHASE_STRIP = NO;
				DEBUG_INFORMATION_FORMAT = dwarf;
				ENABLE_STRICT_OBJC_MSGSEND = YES;
				ENABLE_TESTABILITY = YES;
				GCC_C_LANGUAGE_STANDARD = gnu11;
				GCC_DYNAMIC_NO_PIC = NO;
				GCC_NO_COMMON_BLOCKS = YES;
				GCC_OPTIMIZATION_LEVEL = 0;
				GCC_PREPROCESSOR_DEFINITIONS = (
					"DEBUG=1",
					"$(inherited)",
				);
				GCC_WARN_64_TO_32_BIT_CONVERSION = YES;
				GCC_WARN_ABOUT_RETURN_TYPE = YES_ERROR;
				GCC_WARN_UNDECLARED_SELECTOR = YES;
				GCC_WARN_UNINITIALIZED_AUTOS = YES_AGGRESSIVE;
				GCC_WARN_UNUSED_FUNCTION = YES;
				GCC_WARN_UNUSED_VARIABLE = YES;
				IPHONEOS_DEPLOYMENT_TARGET = 15.2;
				MTL_ENABLE_DEBUG_INFO = INCLUDE_SOURCE;
				MTL_FAST_MATH = YES;
				ONLY_ACTIVE_ARCH = YES;
				SDKROOT = iphoneos;
			};
			name = Debug;
		};
		15277E812798223400FA882E /* Release */ = {
			isa = XCBuildConfiguration;
			buildSettings = {
				ALWAYS_SEARCH_USER_PATHS = NO;
				CLANG_ANALYZER_NONNULL = YES;
				CLANG_ANALYZER_NUMBER_OBJECT_CONVERSION = YES_AGGRESSIVE;
				CLANG_CXX_LANGUAGE_STANDARD = "gnu++17";
				CLANG_CXX_LIBRARY = "libc++";
				CLANG_ENABLE_MODULES = YES;
				CLANG_ENABLE_OBJC_ARC = YES;
				CLANG_ENABLE_OBJC_WEAK = YES;
				CLANG_WARN_BLOCK_CAPTURE_AUTORELEASING = YES;
				CLANG_WARN_BOOL_CONVERSION = YES;
				CLANG_WARN_COMMA = YES;
				CLANG_WARN_CONSTANT_CONVERSION = YES;
				CLANG_WARN_DEPRECATED_OBJC_IMPLEMENTATIONS = YES;
				CLANG_WARN_DIRECT_OBJC_ISA_USAGE = YES_ERROR;
				CLANG_WARN_DOCUMENTATION_COMMENTS = YES;
				CLANG_WARN_EMPTY_BODY = YES;
				CLANG_WARN_ENUM_CONVERSION = YES;
				CLANG_WARN_INFINITE_RECURSION = YES;
				CLANG_WARN_INT_CONVERSION = YES;
				CLANG_WARN_NON_LITERAL_NULL_CONVERSION = YES;
				CLANG_WARN_OBJC_IMPLICIT_RETAIN_SELF = YES;
				CLANG_WARN_OBJC_LITERAL_CONVERSION = YES;
				CLANG_WARN_OBJC_ROOT_CLASS = YES_ERROR;
				CLANG_WARN_QUOTED_INCLUDE_IN_FRAMEWORK_HEADER = YES;
				CLANG_WARN_RANGE_LOOP_ANALYSIS = YES;
				CLANG_WARN_STRICT_PROTOTYPES = YES;
				CLANG_WARN_SUSPICIOUS_MOVE = YES;
				CLANG_WARN_UNGUARDED_AVAILABILITY = YES_AGGRESSIVE;
				CLANG_WARN_UNREACHABLE_CODE = YES;
				CLANG_WARN__DUPLICATE_METHOD_MATCH = YES;
				COPY_PHASE_STRIP = NO;
				DEBUG_INFORMATION_FORMAT = "dwarf-with-dsym";
				ENABLE_NS_ASSERTIONS = NO;
				ENABLE_STRICT_OBJC_MSGSEND = YES;
				GCC_C_LANGUAGE_STANDARD = gnu11;
				GCC_NO_COMMON_BLOCKS = YES;
				GCC_WARN_64_TO_32_BIT_CONVERSION = YES;
				GCC_WARN_ABOUT_RETURN_TYPE = YES_ERROR;
				GCC_WARN_UNDECLARED_SELECTOR = YES;
				GCC_WARN_UNINITIALIZED_AUTOS = YES_AGGRESSIVE;
				GCC_WARN_UNUSED_FUNCTION = YES;
				GCC_WARN_UNUSED_VARIABLE = YES;
				IPHONEOS_DEPLOYMENT_TARGET = 15.2;
				MTL_ENABLE_DEBUG_INFO = NO;
				MTL_FAST_MATH = YES;
				SDKROOT = iphoneos;
				VALIDATE_PRODUCT = YES;
			};
			name = Release;
		};
		15277E832798223400FA882E /* Debug */ = {
			isa = XCBuildConfiguration;
			baseConfigurationReference = 2F2FACE48C52389856EA1C3E /* Pods-Q.debug.xcconfig */;
			buildSettings = {
				ALWAYS_SEARCH_USER_PATHS = NO;
				APPLY_RULES_IN_COPY_HEADERS = YES;
				ASSETCATALOG_COMPILER_APPICON_NAME = AppIcon;
				ASSETCATALOG_COMPILER_GLOBAL_ACCENT_COLOR_NAME = AccentColor;
				CLANG_ENABLE_MODULES = YES;
				CODE_SIGN_IDENTITY = "Apple Development";
				CODE_SIGN_STYLE = Automatic;
				CURRENT_PROJECT_VERSION = 1;
				DEFINES_MODULE = YES;
				DEVELOPMENT_TEAM = DXFP8TLN85;
				ENABLE_BITCODE = NO;
				FRAMEWORK_SEARCH_PATHS = (
					"$(inherited)",
					"$(PROJECT_DIR)/**",
				);
				GENERATE_INFOPLIST_FILE = YES;
				HEADER_SEARCH_PATHS = "$(inherited)";
				INFOPLIST_FILE = Q/Info.plist;
				INFOPLIST_KEY_CFBundleDisplayName = "👍🏻";
				INFOPLIST_KEY_NSAppleMusicUsageDescription = "用于访问媒体库";
				INFOPLIST_KEY_NSBluetoothAlwaysUsageDescription = "用于搜索附近设备";
				INFOPLIST_KEY_NSBluetoothPeripheralUsageDescription = "用于搜索附近设备";
				INFOPLIST_KEY_NSCameraUsageDescription = "用于拍照、扫一扫";
				INFOPLIST_KEY_NSDownloadsFolderUsageDescription = "用于下载";
				INFOPLIST_KEY_NSLocalNetworkUsageDescription = "用于投屏";
				INFOPLIST_KEY_UIApplicationSupportsIndirectInputEvents = YES;
				INFOPLIST_KEY_UILaunchStoryboardName = LaunchScreen;
				INFOPLIST_KEY_UIStatusBarHidden = YES;
				INFOPLIST_KEY_UISupportedInterfaceOrientations = "";
				INFOPLIST_KEY_UISupportedInterfaceOrientations_iPad = "UIInterfaceOrientationPortrait UIInterfaceOrientationPortraitUpsideDown UIInterfaceOrientationLandscapeLeft UIInterfaceOrientationLandscapeRight";
				INFOPLIST_KEY_UISupportedInterfaceOrientations_iPhone = "UIInterfaceOrientationPortrait UIInterfaceOrientationLandscapeLeft UIInterfaceOrientationLandscapeRight";
				LD_RUNPATH_SEARCH_PATHS = (
					"$(inherited)",
					"@executable_path/Frameworks",
					"$(SRCROOT)",
				);
				LIBRARY_SEARCH_PATHS = (
					"$(inherited)",
					"$(PROJECT_DIR)/Q/base/chronos/build-ios/third-party/miniunz/Release-iphoneos",
					"$(PROJECT_DIR)/Q/base/chronos/build-ios/third-party/box2d/Release-iphoneos",
					"$(PROJECT_DIR)/Q/base/chronos/build-ios/third-party/glm/Release-iphoneos",
				);
				MARKETING_VERSION = 1.0;
				OTHER_CFLAGS = (
					"$(inherited)",
					"-isystem",
					"\"${PODS_CONFIGURATION_BUILD_DIR}/AFNetworking/AFNetworking.framework/Headers\"",
					"-isystem",
					"\"${PODS_CONFIGURATION_BUILD_DIR}/CocoaLumberjack/CocoaLumberjack.framework/Headers\"",
					"-isystem",
					"\"${PODS_CONFIGURATION_BUILD_DIR}/FLEX/FLEX.framework/Headers\"",
					"-isystem",
					"\"${PODS_CONFIGURATION_BUILD_DIR}/FMDB/FMDB.framework/Headers\"",
					"-isystem",
					"\"${PODS_CONFIGURATION_BUILD_DIR}/FlutterPluginRegistrant/FlutterPluginRegistrant.framework/Headers\"",
					"-isystem",
					"\"${PODS_CONFIGURATION_BUILD_DIR}/JSONModel/JSONModel.framework/Headers\"",
					"-isystem",
					"\"${PODS_CONFIGURATION_BUILD_DIR}/LookinServer/LookinServer.framework/Headers\"",
					"-isystem",
					"\"${PODS_CONFIGURATION_BUILD_DIR}/Masonry/Masonry.framework/Headers\"",
					"-isystem",
					"\"${PODS_CONFIGURATION_BUILD_DIR}/Reachability/Reachability.framework/Headers\"",
					"-isystem",
					"\"${PODS_CONFIGURATION_BUILD_DIR}/RegexKitLite-NoWarning/RegexKitLite_NoWarning.framework/Headers\"",
					"-isystem",
					"\"${PODS_CONFIGURATION_BUILD_DIR}/SDWebImage/SDWebImage.framework/Headers\"",
					"-isystem",
					"\"${PODS_CONFIGURATION_BUILD_DIR}/SSZipArchive/SSZipArchive.framework/Headers\"",
					"-isystem",
					"\"${PODS_CONFIGURATION_BUILD_DIR}/Toast/Toast.framework/Headers\"",
					"-isystem",
					"\"${PODS_CONFIGURATION_BUILD_DIR}/WebViewJavascriptBridge/WebViewJavascriptBridge.framework/Headers\"",
					"-isystem",
					"\"${PODS_CONFIGURATION_BUILD_DIR}/YYKit/YYKit.framework/Headers\"",
					"-isystem",
					"\"${PODS_CONFIGURATION_BUILD_DIR}/lottie-ios/Lottie.framework/Headers\"",
					"-iframework",
					"\"${PODS_CONFIGURATION_BUILD_DIR}/AFNetworking\"",
					"-iframework",
					"\"${PODS_CONFIGURATION_BUILD_DIR}/CocoaLumberjack\"",
					"-iframework",
					"\"${PODS_CONFIGURATION_BUILD_DIR}/FLEX\"",
					"-iframework",
					"\"${PODS_CONFIGURATION_BUILD_DIR}/FMDB\"",
					"-iframework",
					"\"${PODS_ROOT}/../DevelopPods/flutter_module/.ios/Flutter/engine\"",
					"-iframework",
					"\"${PODS_XCFRAMEWORKS_BUILD_DIR}/Flutter\"",
					"-iframework",
					"\"${PODS_CONFIGURATION_BUILD_DIR}/FlutterPluginRegistrant\"",
					"-iframework",
					"\"${PODS_CONFIGURATION_BUILD_DIR}/JSONModel\"",
					"-iframework",
					"\"${PODS_CONFIGURATION_BUILD_DIR}/LookinServer\"",
					"-iframework",
					"\"${PODS_CONFIGURATION_BUILD_DIR}/Masonry\"",
					"-iframework",
					"\"${PODS_ROOT}/../DevelopPods/QIJKPlayer/QIJKPlayer/SDK\"",
					"-iframework",
					"\"${PODS_CONFIGURATION_BUILD_DIR}/Reachability\"",
					"-iframework",
					"\"${PODS_CONFIGURATION_BUILD_DIR}/RegexKitLite-NoWarning\"",
					"-iframework",
					"\"${PODS_CONFIGURATION_BUILD_DIR}/SDWebImage\"",
					"-iframework",
					"\"${PODS_CONFIGURATION_BUILD_DIR}/SSZipArchive\"",
					"-iframework",
					"\"${PODS_CONFIGURATION_BUILD_DIR}/Toast\"",
					"-iframework",
					"\"${PODS_ROOT}/YYKit/Vendor\"",
					"-iframework",
					"\"${PODS_CONFIGURATION_BUILD_DIR}/YYKit\"",
					"-iframework",
					"\"${PODS_ROOT}/../DevelopPods/flutter_module/.ios/Flutter\"",
					"-iframework",
					"\"${PODS_CONFIGURATION_BUILD_DIR}/lottie-ios\"",
				);
				OTHER_CODE_SIGN_FLAGS = "";
				OTHER_LDFLAGS = (
					"$(inherited)",
					"-ObjC",
					"-l\"iconv\"",
					"-l\"icucore\"",
					"-l\"sqlite3\"",
					"-l\"z\"",
					"-framework",
					"\"AFNetworking\"",
					"-framework",
					"\"Accelerate\"",
					"-framework",
					"\"App\"",
					"-framework",
					"\"AssetsLibrary\"",
					"-framework",
					"\"CoreFoundation\"",
					"-framework",
					"\"CoreGraphics\"",
					"-framework",
					"\"CoreImage\"",
					"-framework",
					"\"CoreText\"",
					"-framework",
					"\"FLEX\"",
					"-framework",
					"\"FMDB\"",
					"-framework",
					"\"Flutter\"",
					"-framework",
					"\"FlutterPluginRegistrant\"",
					"-framework",
					"\"Foundation\"",
					"-framework",
					"\"ImageIO\"",
					"-framework",
					"\"JSONModel\"",
					"-framework",
					"\"LookinServer\"",
					"-framework",
					"\"Lottie\"",
					"-framework",
					"\"Masonry\"",
					"-framework",
					"\"MobileCoreServices\"",
					"-framework",
					"\"QuartzCore\"",
					"-framework",
					"\"Reachability\"",
					"-framework",
					"\"RegexKitLite_NoWarning\"",
					"-framework",
					"\"SDWebImage\"",
					"-framework",
					"\"SSZipArchive\"",
					"-framework",
					"\"SceneKit\"",
					"-framework",
					"\"Security\"",
					"-framework",
					"\"SystemConfiguration\"",
					"-framework",
					"\"Toast\"",
					"-framework",
					"\"UIKit\"",
					"-framework",
					"\"WebKit\"",
					"-framework",
					"\"YYKit\"",
					"-weak_framework",
					"\"JavaScriptCore\"",
				);
				PRODUCT_BUNDLE_IDENTIFIER = Q.Q.X;
				PRODUCT_NAME = "$(TARGET_NAME)";
				SWIFT_EMIT_LOC_STRINGS = YES;
				SWIFT_OBJC_BRIDGING_HEADER = "Q/Q-Bridging-Header.h";
				SWIFT_OPTIMIZATION_LEVEL = "-Onone";
				SWIFT_VERSION = 5.0;
				SYSTEM_FRAMEWORK_SEARCH_PATHS = "";
				SYSTEM_HEADER_SEARCH_PATHS = "${PODS_ROOT}";
				TARGETED_DEVICE_FAMILY = "1,2";
				USER_HEADER_SEARCH_PATHS = "";
				USE_HEADERMAP = YES;
			};
			name = Debug;
		};
		15277E842798223400FA882E /* Release */ = {
			isa = XCBuildConfiguration;
			baseConfigurationReference = DE4FA9F44D6697284972CB5A /* Pods-Q.release.xcconfig */;
			buildSettings = {
				ALWAYS_SEARCH_USER_PATHS = NO;
				APPLY_RULES_IN_COPY_HEADERS = YES;
				ASSETCATALOG_COMPILER_APPICON_NAME = AppIcon;
				ASSETCATALOG_COMPILER_GLOBAL_ACCENT_COLOR_NAME = AccentColor;
				CLANG_ENABLE_MODULES = YES;
				CODE_SIGN_IDENTITY = "Apple Development";
				CODE_SIGN_STYLE = Automatic;
				CURRENT_PROJECT_VERSION = 1;
				DEFINES_MODULE = YES;
				DEVELOPMENT_TEAM = DXFP8TLN85;
				ENABLE_BITCODE = NO;
				FRAMEWORK_SEARCH_PATHS = (
					"$(inherited)",
					"$(PROJECT_DIR)/**",
				);
				GENERATE_INFOPLIST_FILE = YES;
				HEADER_SEARCH_PATHS = "$(inherited)";
				INFOPLIST_FILE = Q/Info.plist;
				INFOPLIST_KEY_CFBundleDisplayName = "👍🏻";
				INFOPLIST_KEY_NSAppleMusicUsageDescription = "用于访问媒体库";
				INFOPLIST_KEY_NSBluetoothAlwaysUsageDescription = "用于搜索附近设备";
				INFOPLIST_KEY_NSBluetoothPeripheralUsageDescription = "用于搜索附近设备";
				INFOPLIST_KEY_NSCameraUsageDescription = "用于拍照、扫一扫";
				INFOPLIST_KEY_NSDownloadsFolderUsageDescription = "用于下载";
				INFOPLIST_KEY_NSLocalNetworkUsageDescription = "用于投屏";
				INFOPLIST_KEY_UIApplicationSupportsIndirectInputEvents = YES;
				INFOPLIST_KEY_UILaunchStoryboardName = LaunchScreen;
				INFOPLIST_KEY_UIStatusBarHidden = YES;
				INFOPLIST_KEY_UISupportedInterfaceOrientations = "";
				INFOPLIST_KEY_UISupportedInterfaceOrientations_iPad = "UIInterfaceOrientationPortrait UIInterfaceOrientationPortraitUpsideDown UIInterfaceOrientationLandscapeLeft UIInterfaceOrientationLandscapeRight";
				INFOPLIST_KEY_UISupportedInterfaceOrientations_iPhone = "UIInterfaceOrientationPortrait UIInterfaceOrientationLandscapeLeft UIInterfaceOrientationLandscapeRight";
				LD_RUNPATH_SEARCH_PATHS = (
					"$(inherited)",
					"@executable_path/Frameworks",
					"$(SRCROOT)",
				);
				LIBRARY_SEARCH_PATHS = (
					"$(inherited)",
					"$(PROJECT_DIR)/Q/base/chronos/build-ios/third-party/miniunz/Release-iphoneos",
					"$(PROJECT_DIR)/Q/base/chronos/build-ios/third-party/box2d/Release-iphoneos",
					"$(PROJECT_DIR)/Q/base/chronos/build-ios/third-party/glm/Release-iphoneos",
				);
				MARKETING_VERSION = 1.0;
				OTHER_CFLAGS = (
					"$(inherited)",
					"-isystem",
					"\"${PODS_CONFIGURATION_BUILD_DIR}/AFNetworking/AFNetworking.framework/Headers\"",
					"-isystem",
					"\"${PODS_CONFIGURATION_BUILD_DIR}/CocoaLumberjack/CocoaLumberjack.framework/Headers\"",
					"-isystem",
					"\"${PODS_CONFIGURATION_BUILD_DIR}/FMDB/FMDB.framework/Headers\"",
					"-isystem",
					"\"${PODS_CONFIGURATION_BUILD_DIR}/FlutterPluginRegistrant/FlutterPluginRegistrant.framework/Headers\"",
					"-isystem",
					"\"${PODS_CONFIGURATION_BUILD_DIR}/JSONModel/JSONModel.framework/Headers\"",
					"-isystem",
					"\"${PODS_CONFIGURATION_BUILD_DIR}/Masonry/Masonry.framework/Headers\"",
					"-isystem",
					"\"${PODS_CONFIGURATION_BUILD_DIR}/Reachability/Reachability.framework/Headers\"",
					"-isystem",
					"\"${PODS_CONFIGURATION_BUILD_DIR}/RegexKitLite-NoWarning/RegexKitLite_NoWarning.framework/Headers\"",
					"-isystem",
					"\"${PODS_CONFIGURATION_BUILD_DIR}/SDWebImage/SDWebImage.framework/Headers\"",
					"-isystem",
					"\"${PODS_CONFIGURATION_BUILD_DIR}/SSZipArchive/SSZipArchive.framework/Headers\"",
					"-isystem",
					"\"${PODS_CONFIGURATION_BUILD_DIR}/Toast/Toast.framework/Headers\"",
					"-isystem",
					"\"${PODS_CONFIGURATION_BUILD_DIR}/WebViewJavascriptBridge/WebViewJavascriptBridge.framework/Headers\"",
					"-isystem",
					"\"${PODS_CONFIGURATION_BUILD_DIR}/YYKit/YYKit.framework/Headers\"",
					"-isystem",
					"\"${PODS_CONFIGURATION_BUILD_DIR}/lottie-ios/Lottie.framework/Headers\"",
					"-iframework",
					"\"${PODS_CONFIGURATION_BUILD_DIR}/AFNetworking\"",
					"-iframework",
					"\"${PODS_CONFIGURATION_BUILD_DIR}/CocoaLumberjack\"",
					"-iframework",
					"\"${PODS_CONFIGURATION_BUILD_DIR}/FMDB\"",
					"-iframework",
					"\"${PODS_ROOT}/../DevelopPods/flutter_module/.ios/Flutter/engine\"",
					"-iframework",
					"\"${PODS_XCFRAMEWORKS_BUILD_DIR}/Flutter\"",
					"-iframework",
					"\"${PODS_CONFIGURATION_BUILD_DIR}/FlutterPluginRegistrant\"",
					"-iframework",
					"\"${PODS_CONFIGURATION_BUILD_DIR}/JSONModel\"",
					"-iframework",
					"\"${PODS_CONFIGURATION_BUILD_DIR}/Masonry\"",
					"-iframework",
					"\"${PODS_ROOT}/../DevelopPods/QIJKPlayer/QIJKPlayer/SDK\"",
					"-iframework",
					"\"${PODS_CONFIGURATION_BUILD_DIR}/Reachability\"",
					"-iframework",
					"\"${PODS_CONFIGURATION_BUILD_DIR}/RegexKitLite-NoWarning\"",
					"-iframework",
					"\"${PODS_CONFIGURATION_BUILD_DIR}/SDWebImage\"",
					"-iframework",
					"\"${PODS_CONFIGURATION_BUILD_DIR}/SSZipArchive\"",
					"-iframework",
					"\"${PODS_CONFIGURATION_BUILD_DIR}/Toast\"",
					"-iframework",
					"\"${PODS_ROOT}/YYKit/Vendor\"",
					"-iframework",
					"\"${PODS_CONFIGURATION_BUILD_DIR}/YYKit\"",
					"-iframework",
					"\"${PODS_ROOT}/../DevelopPods/flutter_module/.ios/Flutter\"",
					"-iframework",
					"\"${PODS_CONFIGURATION_BUILD_DIR}/lottie-ios\"",
				);
				OTHER_CODE_SIGN_FLAGS = "";
				OTHER_LDFLAGS = (
					"$(inherited)",
					"-ObjC",
					"-l\"iconv\"",
					"-l\"icucore\"",
					"-l\"sqlite3\"",
					"-l\"z\"",
					"-framework",
					"\"AFNetworking\"",
					"-framework",
					"\"Accelerate\"",
					"-framework",
					"\"App\"",
					"-framework",
					"\"AssetsLibrary\"",
					"-framework",
					"\"CoreFoundation\"",
					"-framework",
					"\"CoreGraphics\"",
					"-framework",
					"\"CoreImage\"",
					"-framework",
					"\"CoreText\"",
					"-framework",
					"\"FMDB\"",
					"-framework",
					"\"Flutter\"",
					"-framework",
					"\"FlutterPluginRegistrant\"",
					"-framework",
					"\"Foundation\"",
					"-framework",
					"\"ImageIO\"",
					"-framework",
					"\"JSONModel\"",
					"-framework",
					"\"Lottie\"",
					"-framework",
					"\"Masonry\"",
					"-framework",
					"\"MobileCoreServices\"",
					"-framework",
					"\"QuartzCore\"",
					"-framework",
					"\"Reachability\"",
					"-framework",
					"\"RegexKitLite_NoWarning\"",
					"-framework",
					"\"SDWebImage\"",
					"-framework",
					"\"SSZipArchive\"",
					"-framework",
					"\"Security\"",
					"-framework",
					"\"SystemConfiguration\"",
					"-framework",
					"\"Toast\"",
					"-framework",
					"\"UIKit\"",
					"-framework",
					"\"WebKit\"",
					"-framework",
					"\"YYKit\"",
					"-weak_framework",
					"\"JavaScriptCore\"",
				);
				PRODUCT_BUNDLE_IDENTIFIER = Q.Q.X;
				PRODUCT_NAME = "$(TARGET_NAME)";
				SWIFT_EMIT_LOC_STRINGS = YES;
				SWIFT_OBJC_BRIDGING_HEADER = "Q/Q-Bridging-Header.h";
				SWIFT_VERSION = 5.0;
				SYSTEM_FRAMEWORK_SEARCH_PATHS = "";
				SYSTEM_HEADER_SEARCH_PATHS = "${PODS_ROOT}";
				TARGETED_DEVICE_FAMILY = "1,2";
				USER_HEADER_SEARCH_PATHS = "";
				USE_HEADERMAP = YES;
			};
			name = Release;
		};
		15277E862798223400FA882E /* Debug */ = {
			isa = XCBuildConfiguration;
			buildSettings = {
				BUNDLE_LOADER = "$(TEST_HOST)";
				CODE_SIGN_STYLE = Automatic;
				CURRENT_PROJECT_VERSION = 1;
				DEVELOPMENT_TEAM = DXFP8TLN85;
				GENERATE_INFOPLIST_FILE = YES;
				IPHONEOS_DEPLOYMENT_TARGET = 15.2;
				MARKETING_VERSION = 1.0;
				PRODUCT_BUNDLE_IDENTIFIER = Q.QTests;
				PRODUCT_NAME = "$(TARGET_NAME)";
				SWIFT_EMIT_LOC_STRINGS = NO;
				TARGETED_DEVICE_FAMILY = "1,2";
				TEST_HOST = "$(BUILT_PRODUCTS_DIR)/Q.app/Q";
			};
			name = Debug;
		};
		15277E872798223400FA882E /* Release */ = {
			isa = XCBuildConfiguration;
			buildSettings = {
				BUNDLE_LOADER = "$(TEST_HOST)";
				CODE_SIGN_STYLE = Automatic;
				CURRENT_PROJECT_VERSION = 1;
				DEVELOPMENT_TEAM = DXFP8TLN85;
				GENERATE_INFOPLIST_FILE = YES;
				IPHONEOS_DEPLOYMENT_TARGET = 15.2;
				MARKETING_VERSION = 1.0;
				PRODUCT_BUNDLE_IDENTIFIER = Q.QTests;
				PRODUCT_NAME = "$(TARGET_NAME)";
				SWIFT_EMIT_LOC_STRINGS = NO;
				TARGETED_DEVICE_FAMILY = "1,2";
				TEST_HOST = "$(BUILT_PRODUCTS_DIR)/Q.app/Q";
			};
			name = Release;
		};
		15277E892798223400FA882E /* Debug */ = {
			isa = XCBuildConfiguration;
			buildSettings = {
				CODE_SIGN_STYLE = Automatic;
				CURRENT_PROJECT_VERSION = 1;
				DEVELOPMENT_TEAM = DXFP8TLN85;
				GENERATE_INFOPLIST_FILE = YES;
				MARKETING_VERSION = 1.0;
				PRODUCT_BUNDLE_IDENTIFIER = Q.QUITests;
				PRODUCT_NAME = "$(TARGET_NAME)";
				SWIFT_EMIT_LOC_STRINGS = NO;
				TARGETED_DEVICE_FAMILY = "1,2";
				TEST_TARGET_NAME = Q;
			};
			name = Debug;
		};
		15277E8A2798223400FA882E /* Release */ = {
			isa = XCBuildConfiguration;
			buildSettings = {
				CODE_SIGN_STYLE = Automatic;
				CURRENT_PROJECT_VERSION = 1;
				DEVELOPMENT_TEAM = DXFP8TLN85;
				GENERATE_INFOPLIST_FILE = YES;
				MARKETING_VERSION = 1.0;
				PRODUCT_BUNDLE_IDENTIFIER = Q.QUITests;
				PRODUCT_NAME = "$(TARGET_NAME)";
				SWIFT_EMIT_LOC_STRINGS = NO;
				TARGETED_DEVICE_FAMILY = "1,2";
				TEST_TARGET_NAME = Q;
			};
			name = Release;
		};
/* End XCBuildConfiguration section */

/* Begin XCConfigurationList section */
		15277E4E2798223300FA882E /* Build configuration list for PBXProject "Q" */ = {
			isa = XCConfigurationList;
			buildConfigurations = (
				15277E802798223400FA882E /* Debug */,
				15277E812798223400FA882E /* Release */,
			);
			defaultConfigurationIsVisible = 0;
			defaultConfigurationName = Release;
		};
		15277E822798223400FA882E /* Build configuration list for PBXNativeTarget "Q" */ = {
			isa = XCConfigurationList;
			buildConfigurations = (
				15277E832798223400FA882E /* Debug */,
				15277E842798223400FA882E /* Release */,
			);
			defaultConfigurationIsVisible = 0;
			defaultConfigurationName = Release;
		};
		15277E852798223400FA882E /* Build configuration list for PBXNativeTarget "QTests" */ = {
			isa = XCConfigurationList;
			buildConfigurations = (
				15277E862798223400FA882E /* Debug */,
				15277E872798223400FA882E /* Release */,
			);
			defaultConfigurationIsVisible = 0;
			defaultConfigurationName = Release;
		};
		15277E882798223400FA882E /* Build configuration list for PBXNativeTarget "QUITests" */ = {
			isa = XCConfigurationList;
			buildConfigurations = (
				15277E892798223400FA882E /* Debug */,
				15277E8A2798223400FA882E /* Release */,
			);
			defaultConfigurationIsVisible = 0;
			defaultConfigurationName = Release;
		};
/* End XCConfigurationList section */
	};
	rootObject = 15277E4B2798223300FA882E /* Project object */;
}
