// !$*UTF8*$!
{
	archiveVersion = 1;
	classes = {
	};
	objectVersion = 55;
	objects = {

/* Begin PBXBuildFile section */
		15277E632798223400FA882E /* Assets.xcassets in Resources */ = {isa = PBXBuildFile; fileRef = 15277E622798223400FA882E /* Assets.xcassets */; };
		1530E41B2799046900E4A8E4 /* BaseApplicationDelegate.m in Sources */ = {isa = PBXBuildFile; fileRef = 1530E41A2799046900E4A8E4 /* BaseApplicationDelegate.m */; };
		1530E4202799068400E4A8E4 /* BaseWindowSceneDelegate.m in Sources */ = {isa = PBXBuildFile; fileRef = 1530E41F2799068400E4A8E4 /* BaseWindowSceneDelegate.m */; };
		1530E4242799071400E4A8E4 /* BaseApplication.m in Sources */ = {isa = PBXBuildFile; fileRef = 1530E4232799071400E4A8E4 /* BaseApplication.m */; };
		1530E4272799073700E4A8E4 /* CommonApplication.m in Sources */ = {isa = PBXBuildFile; fileRef = 1530E4262799073700E4A8E4 /* CommonApplication.m */; };
		1530E42B2799097B00E4A8E4 /* BaseEntranceManager.m in Sources */ = {isa = PBXBuildFile; fileRef = 1530E42A2799097B00E4A8E4 /* BaseEntranceManager.m */; };
		1530E42E279909AA00E4A8E4 /* CommonEntranceManager.m in Sources */ = {isa = PBXBuildFile; fileRef = 1530E42D279909AA00E4A8E4 /* CommonEntranceManager.m */; };
		1530E43227990C6000E4A8E4 /* BaseScene.m in Sources */ = {isa = PBXBuildFile; fileRef = 1530E43127990C6000E4A8E4 /* BaseScene.m */; };
		1530E43B279914EB00E4A8E4 /* BaseModuleManager.m in Sources */ = {isa = PBXBuildFile; fileRef = 1530E43A279914EB00E4A8E4 /* BaseModuleManager.m */; };
		1530E4412799152900E4A8E4 /* BaseModule.m in Sources */ = {isa = PBXBuildFile; fileRef = 1530E4402799152900E4A8E4 /* BaseModule.m */; };
		1530E445279932D800E4A8E4 /* SystemModule.m in Sources */ = {isa = PBXBuildFile; fileRef = 1530E444279932D800E4A8E4 /* SystemModule.m */; };
		1530E44A2799334F00E4A8E4 /* CommonModule.m in Sources */ = {isa = PBXBuildFile; fileRef = 1530E4492799334F00E4A8E4 /* CommonModule.m */; };
		1530E44E2799337E00E4A8E4 /* BusinessModule.m in Sources */ = {isa = PBXBuildFile; fileRef = 1530E44D2799337E00E4A8E4 /* BusinessModule.m */; };
		153958D32798556D009CFDCB /* Pods_Q.framework in Frameworks */ = {isa = PBXBuildFile; fileRef = E555D12AA334E9D4FEFD4457 /* Pods_Q.framework */; };
		153963F027985A79009CFDCB /* TabBarController.m in Sources */ = {isa = PBXBuildFile; fileRef = 153963EF27985A79009CFDCB /* TabBarController.m */; };
		153963F427985AE0009CFDCB /* BaseTabBarController.m in Sources */ = {isa = PBXBuildFile; fileRef = 153963F327985AE0009CFDCB /* BaseTabBarController.m */; };
		1539640027985CBA009CFDCB /* BaseObject.m in Sources */ = {isa = PBXBuildFile; fileRef = 153963FF27985CBA009CFDCB /* BaseObject.m */; };
		1539640327985CFD009CFDCB /* MineNavigationController.m in Sources */ = {isa = PBXBuildFile; fileRef = 1539640227985CFD009CFDCB /* MineNavigationController.m */; };
		1539640627985D1B009CFDCB /* ThirdNavigationController.m in Sources */ = {isa = PBXBuildFile; fileRef = 1539640527985D1B009CFDCB /* ThirdNavigationController.m */; };
		1539640927985D41009CFDCB /* FeatureNavigationController.m in Sources */ = {isa = PBXBuildFile; fileRef = 1539640827985D41009CFDCB /* FeatureNavigationController.m */; };
		1539640C27985DA5009CFDCB /* HomeNavigationController.m in Sources */ = {isa = PBXBuildFile; fileRef = 1539640B27985DA5009CFDCB /* HomeNavigationController.m */; };
		15396412279860A3009CFDCB /* TabBarControllerDataProvider.m in Sources */ = {isa = PBXBuildFile; fileRef = 15396411279860A3009CFDCB /* TabBarControllerDataProvider.m */; };
		1539641927986256009CFDCB /* MineViewController.m in Sources */ = {isa = PBXBuildFile; fileRef = 1539641827986256009CFDCB /* MineViewController.m */; };
		1539641C27986268009CFDCB /* ThirdViewController.m in Sources */ = {isa = PBXBuildFile; fileRef = 1539641B27986268009CFDCB /* ThirdViewController.m */; };
		1539641F2798627A009CFDCB /* FeatureViewController.m in Sources */ = {isa = PBXBuildFile; fileRef = 1539641E2798627A009CFDCB /* FeatureViewController.m */; };
		1539642227986290009CFDCB /* HomeViewController.m in Sources */ = {isa = PBXBuildFile; fileRef = 1539642127986290009CFDCB /* HomeViewController.m */; };
		1598CAD627983AFF00511EFD /* BaseNavigationController.m in Sources */ = {isa = PBXBuildFile; fileRef = 1598CAC527983AFF00511EFD /* BaseNavigationController.m */; };
		1598CAD727983AFF00511EFD /* BaseWebView.m in Sources */ = {isa = PBXBuildFile; fileRef = 1598CAC927983AFF00511EFD /* BaseWebView.m */; };
		1598CAD827983AFF00511EFD /* BaseWindow.m in Sources */ = {isa = PBXBuildFile; fileRef = 1598CACC27983AFF00511EFD /* BaseWindow.m */; };
		1598CAD927983AFF00511EFD /* BaseViewController.m in Sources */ = {isa = PBXBuildFile; fileRef = 1598CACF27983AFF00511EFD /* BaseViewController.m */; };
		1598CAE427983B2000511EFD /* LaunchScreen.storyboard in Resources */ = {isa = PBXBuildFile; fileRef = 1598CAE327983B2000511EFD /* LaunchScreen.storyboard */; };
		1598CAEB27983B3D00511EFD /* CommonWindowSceneDelegate.m in Sources */ = {isa = PBXBuildFile; fileRef = 1598CAE727983B3D00511EFD /* CommonWindowSceneDelegate.m */; };
		1598CAEC27983B3D00511EFD /* main.m in Sources */ = {isa = PBXBuildFile; fileRef = 1598CAE827983B3D00511EFD /* main.m */; };
		1598CAED27983B3D00511EFD /* CommonAppDelegate.m in Sources */ = {isa = PBXBuildFile; fileRef = 1598CAE927983B3D00511EFD /* CommonAppDelegate.m */; };
		1598CAF027983E0100511EFD /* BaseView.m in Sources */ = {isa = PBXBuildFile; fileRef = 1598CAEF27983E0100511EFD /* BaseView.m */; };
		15A1A57A27987155007CFF64 /* BaseColor.m in Sources */ = {isa = PBXBuildFile; fileRef = 15A1A57927987155007CFF64 /* BaseColor.m */; };
/* End PBXBuildFile section */

/* Begin PBXContainerItemProxy section */
		15277E6F2798223400FA882E /* PBXContainerItemProxy */ = {
			isa = PBXContainerItemProxy;
			containerPortal = 15277E4B2798223300FA882E /* Project object */;
			proxyType = 1;
			remoteGlobalIDString = 15277E522798223300FA882E;
			remoteInfo = Q;
		};
		15277E792798223400FA882E /* PBXContainerItemProxy */ = {
			isa = PBXContainerItemProxy;
			containerPortal = 15277E4B2798223300FA882E /* Project object */;
			proxyType = 1;
			remoteGlobalIDString = 15277E522798223300FA882E;
			remoteInfo = Q;
		};
/* End PBXContainerItemProxy section */

/* Begin PBXFileReference section */
		15277E532798223300FA882E /* Q.app */ = {isa = PBXFileReference; explicitFileType = wrapper.application; includeInIndex = 0; path = Q.app; sourceTree = BUILT_PRODUCTS_DIR; };
		15277E622798223400FA882E /* Assets.xcassets */ = {isa = PBXFileReference; lastKnownFileType = folder.assetcatalog; path = Assets.xcassets; sourceTree = "<group>"; };
		15277E672798223400FA882E /* Info.plist */ = {isa = PBXFileReference; lastKnownFileType = text.plist.xml; path = Info.plist; sourceTree = "<group>"; };
		15277E6E2798223400FA882E /* QTests.xctest */ = {isa = PBXFileReference; explicitFileType = wrapper.cfbundle; includeInIndex = 0; path = QTests.xctest; sourceTree = BUILT_PRODUCTS_DIR; };
		15277E782798223400FA882E /* QUITests.xctest */ = {isa = PBXFileReference; explicitFileType = wrapper.cfbundle; includeInIndex = 0; path = QUITests.xctest; sourceTree = BUILT_PRODUCTS_DIR; };
		1530E4192799046900E4A8E4 /* BaseApplicationDelegate.h */ = {isa = PBXFileReference; lastKnownFileType = sourcecode.c.h; path = BaseApplicationDelegate.h; sourceTree = "<group>"; };
		1530E41A2799046900E4A8E4 /* BaseApplicationDelegate.m */ = {isa = PBXFileReference; lastKnownFileType = sourcecode.c.objc; path = BaseApplicationDelegate.m; sourceTree = "<group>"; };
		1530E41E2799068400E4A8E4 /* BaseWindowSceneDelegate.h */ = {isa = PBXFileReference; lastKnownFileType = sourcecode.c.h; path = BaseWindowSceneDelegate.h; sourceTree = "<group>"; };
		1530E41F2799068400E4A8E4 /* BaseWindowSceneDelegate.m */ = {isa = PBXFileReference; lastKnownFileType = sourcecode.c.objc; path = BaseWindowSceneDelegate.m; sourceTree = "<group>"; };
		1530E4222799071400E4A8E4 /* BaseApplication.h */ = {isa = PBXFileReference; lastKnownFileType = sourcecode.c.h; path = BaseApplication.h; sourceTree = "<group>"; };
		1530E4232799071400E4A8E4 /* BaseApplication.m */ = {isa = PBXFileReference; lastKnownFileType = sourcecode.c.objc; path = BaseApplication.m; sourceTree = "<group>"; };
		1530E4252799073700E4A8E4 /* CommonApplication.h */ = {isa = PBXFileReference; lastKnownFileType = sourcecode.c.h; path = CommonApplication.h; sourceTree = "<group>"; };
		1530E4262799073700E4A8E4 /* CommonApplication.m */ = {isa = PBXFileReference; lastKnownFileType = sourcecode.c.objc; path = CommonApplication.m; sourceTree = "<group>"; };
		1530E4292799097B00E4A8E4 /* BaseEntranceManager.h */ = {isa = PBXFileReference; lastKnownFileType = sourcecode.c.h; path = BaseEntranceManager.h; sourceTree = "<group>"; };
		1530E42A2799097B00E4A8E4 /* BaseEntranceManager.m */ = {isa = PBXFileReference; lastKnownFileType = sourcecode.c.objc; path = BaseEntranceManager.m; sourceTree = "<group>"; };
		1530E42C279909AA00E4A8E4 /* CommonEntranceManager.h */ = {isa = PBXFileReference; lastKnownFileType = sourcecode.c.h; path = CommonEntranceManager.h; sourceTree = "<group>"; };
		1530E42D279909AA00E4A8E4 /* CommonEntranceManager.m */ = {isa = PBXFileReference; lastKnownFileType = sourcecode.c.objc; path = CommonEntranceManager.m; sourceTree = "<group>"; };
		1530E43027990C6000E4A8E4 /* BaseScene.h */ = {isa = PBXFileReference; lastKnownFileType = sourcecode.c.h; path = BaseScene.h; sourceTree = "<group>"; };
		1530E43127990C6000E4A8E4 /* BaseScene.m */ = {isa = PBXFileReference; lastKnownFileType = sourcecode.c.objc; path = BaseScene.m; sourceTree = "<group>"; };
		1530E439279914EB00E4A8E4 /* BaseModuleManager.h */ = {isa = PBXFileReference; lastKnownFileType = sourcecode.c.h; path = BaseModuleManager.h; sourceTree = "<group>"; };
		1530E43A279914EB00E4A8E4 /* BaseModuleManager.m */ = {isa = PBXFileReference; lastKnownFileType = sourcecode.c.objc; path = BaseModuleManager.m; sourceTree = "<group>"; };
		1530E43F2799152900E4A8E4 /* BaseModule.h */ = {isa = PBXFileReference; lastKnownFileType = sourcecode.c.h; path = BaseModule.h; sourceTree = "<group>"; };
		1530E4402799152900E4A8E4 /* BaseModule.m */ = {isa = PBXFileReference; lastKnownFileType = sourcecode.c.objc; path = BaseModule.m; sourceTree = "<group>"; };
		1530E443279932D800E4A8E4 /* SystemModule.h */ = {isa = PBXFileReference; lastKnownFileType = sourcecode.c.h; path = SystemModule.h; sourceTree = "<group>"; };
		1530E444279932D800E4A8E4 /* SystemModule.m */ = {isa = PBXFileReference; lastKnownFileType = sourcecode.c.objc; path = SystemModule.m; sourceTree = "<group>"; };
		1530E4482799334F00E4A8E4 /* CommonModule.h */ = {isa = PBXFileReference; lastKnownFileType = sourcecode.c.h; path = CommonModule.h; sourceTree = "<group>"; };
		1530E4492799334F00E4A8E4 /* CommonModule.m */ = {isa = PBXFileReference; lastKnownFileType = sourcecode.c.objc; path = CommonModule.m; sourceTree = "<group>"; };
		1530E44C2799337E00E4A8E4 /* BusinessModule.h */ = {isa = PBXFileReference; lastKnownFileType = sourcecode.c.h; name = BusinessModule.h; path = Q/src/common/Module/BusinessModule/BusinessModule.h; sourceTree = SOURCE_ROOT; };
		1530E44D2799337E00E4A8E4 /* BusinessModule.m */ = {isa = PBXFileReference; lastKnownFileType = sourcecode.c.objc; name = BusinessModule.m; path = Q/src/common/Module/BusinessModule/BusinessModule.m; sourceTree = SOURCE_ROOT; };
		153963EE27985A79009CFDCB /* TabBarController.h */ = {isa = PBXFileReference; lastKnownFileType = sourcecode.c.h; path = TabBarController.h; sourceTree = "<group>"; };
		153963EF27985A79009CFDCB /* TabBarController.m */ = {isa = PBXFileReference; lastKnownFileType = sourcecode.c.objc; path = TabBarController.m; sourceTree = "<group>"; };
		153963F227985AE0009CFDCB /* BaseTabBarController.h */ = {isa = PBXFileReference; lastKnownFileType = sourcecode.c.h; path = BaseTabBarController.h; sourceTree = "<group>"; };
		153963F327985AE0009CFDCB /* BaseTabBarController.m */ = {isa = PBXFileReference; lastKnownFileType = sourcecode.c.objc; path = BaseTabBarController.m; sourceTree = "<group>"; };
		153963FE27985CBA009CFDCB /* BaseObject.h */ = {isa = PBXFileReference; lastKnownFileType = sourcecode.c.h; path = BaseObject.h; sourceTree = "<group>"; };
		153963FF27985CBA009CFDCB /* BaseObject.m */ = {isa = PBXFileReference; lastKnownFileType = sourcecode.c.objc; path = BaseObject.m; sourceTree = "<group>"; };
		1539640127985CFD009CFDCB /* MineNavigationController.h */ = {isa = PBXFileReference; lastKnownFileType = sourcecode.c.h; path = MineNavigationController.h; sourceTree = "<group>"; };
		1539640227985CFD009CFDCB /* MineNavigationController.m */ = {isa = PBXFileReference; lastKnownFileType = sourcecode.c.objc; path = MineNavigationController.m; sourceTree = "<group>"; };
		1539640427985D1B009CFDCB /* ThirdNavigationController.h */ = {isa = PBXFileReference; lastKnownFileType = sourcecode.c.h; path = ThirdNavigationController.h; sourceTree = "<group>"; };
		1539640527985D1B009CFDCB /* ThirdNavigationController.m */ = {isa = PBXFileReference; lastKnownFileType = sourcecode.c.objc; path = ThirdNavigationController.m; sourceTree = "<group>"; };
		1539640727985D41009CFDCB /* FeatureNavigationController.h */ = {isa = PBXFileReference; lastKnownFileType = sourcecode.c.h; path = FeatureNavigationController.h; sourceTree = "<group>"; };
		1539640827985D41009CFDCB /* FeatureNavigationController.m */ = {isa = PBXFileReference; lastKnownFileType = sourcecode.c.objc; path = FeatureNavigationController.m; sourceTree = "<group>"; };
		1539640A27985DA5009CFDCB /* HomeNavigationController.h */ = {isa = PBXFileReference; lastKnownFileType = sourcecode.c.h; path = HomeNavigationController.h; sourceTree = "<group>"; };
		1539640B27985DA5009CFDCB /* HomeNavigationController.m */ = {isa = PBXFileReference; lastKnownFileType = sourcecode.c.objc; path = HomeNavigationController.m; sourceTree = "<group>"; };
		15396410279860A3009CFDCB /* TabBarControllerDataProvider.h */ = {isa = PBXFileReference; lastKnownFileType = sourcecode.c.h; path = TabBarControllerDataProvider.h; sourceTree = "<group>"; };
		15396411279860A3009CFDCB /* TabBarControllerDataProvider.m */ = {isa = PBXFileReference; lastKnownFileType = sourcecode.c.objc; path = TabBarControllerDataProvider.m; sourceTree = "<group>"; };
		1539641727986256009CFDCB /* MineViewController.h */ = {isa = PBXFileReference; lastKnownFileType = sourcecode.c.h; path = MineViewController.h; sourceTree = "<group>"; };
		1539641827986256009CFDCB /* MineViewController.m */ = {isa = PBXFileReference; lastKnownFileType = sourcecode.c.objc; path = MineViewController.m; sourceTree = "<group>"; };
		1539641A27986268009CFDCB /* ThirdViewController.h */ = {isa = PBXFileReference; lastKnownFileType = sourcecode.c.h; path = ThirdViewController.h; sourceTree = "<group>"; };
		1539641B27986268009CFDCB /* ThirdViewController.m */ = {isa = PBXFileReference; lastKnownFileType = sourcecode.c.objc; path = ThirdViewController.m; sourceTree = "<group>"; };
		1539641D2798627A009CFDCB /* FeatureViewController.h */ = {isa = PBXFileReference; lastKnownFileType = sourcecode.c.h; path = FeatureViewController.h; sourceTree = "<group>"; };
		1539641E2798627A009CFDCB /* FeatureViewController.m */ = {isa = PBXFileReference; lastKnownFileType = sourcecode.c.objc; path = FeatureViewController.m; sourceTree = "<group>"; };
		1539642027986290009CFDCB /* HomeViewController.h */ = {isa = PBXFileReference; lastKnownFileType = sourcecode.c.h; path = HomeViewController.h; sourceTree = "<group>"; };
		1539642127986290009CFDCB /* HomeViewController.m */ = {isa = PBXFileReference; lastKnownFileType = sourcecode.c.objc; path = HomeViewController.m; sourceTree = "<group>"; };
		1598CAC527983AFF00511EFD /* BaseNavigationController.m */ = {isa = PBXFileReference; fileEncoding = 4; lastKnownFileType = sourcecode.c.objc; path = BaseNavigationController.m; sourceTree = "<group>"; };
		1598CAC627983AFF00511EFD /* BaseNavigationController.h */ = {isa = PBXFileReference; fileEncoding = 4; lastKnownFileType = sourcecode.c.h; path = BaseNavigationController.h; sourceTree = "<group>"; };
		1598CAC827983AFF00511EFD /* BaseWebView.h */ = {isa = PBXFileReference; fileEncoding = 4; lastKnownFileType = sourcecode.c.h; path = BaseWebView.h; sourceTree = "<group>"; };
		1598CAC927983AFF00511EFD /* BaseWebView.m */ = {isa = PBXFileReference; fileEncoding = 4; lastKnownFileType = sourcecode.c.objc; path = BaseWebView.m; sourceTree = "<group>"; };
		1598CACC27983AFF00511EFD /* BaseWindow.m */ = {isa = PBXFileReference; fileEncoding = 4; lastKnownFileType = sourcecode.c.objc; path = BaseWindow.m; sourceTree = "<group>"; };
		1598CACD27983AFF00511EFD /* BaseWindow.h */ = {isa = PBXFileReference; fileEncoding = 4; lastKnownFileType = sourcecode.c.h; path = BaseWindow.h; sourceTree = "<group>"; };
		1598CACF27983AFF00511EFD /* BaseViewController.m */ = {isa = PBXFileReference; fileEncoding = 4; lastKnownFileType = sourcecode.c.objc; path = BaseViewController.m; sourceTree = "<group>"; };
		1598CAD027983AFF00511EFD /* BaseViewController.h */ = {isa = PBXFileReference; fileEncoding = 4; lastKnownFileType = sourcecode.c.h; path = BaseViewController.h; sourceTree = "<group>"; };
		1598CAE327983B2000511EFD /* LaunchScreen.storyboard */ = {isa = PBXFileReference; fileEncoding = 4; lastKnownFileType = file.storyboard; path = LaunchScreen.storyboard; sourceTree = "<group>"; };
		1598CAE627983B3D00511EFD /* CommonAppDelegate.h */ = {isa = PBXFileReference; fileEncoding = 4; lastKnownFileType = sourcecode.c.h; path = CommonAppDelegate.h; sourceTree = "<group>"; };
		1598CAE727983B3D00511EFD /* CommonWindowSceneDelegate.m */ = {isa = PBXFileReference; fileEncoding = 4; lastKnownFileType = sourcecode.c.objc; path = CommonWindowSceneDelegate.m; sourceTree = "<group>"; };
		1598CAE827983B3D00511EFD /* main.m */ = {isa = PBXFileReference; fileEncoding = 4; lastKnownFileType = sourcecode.c.objc; path = main.m; sourceTree = "<group>"; };
		1598CAE927983B3D00511EFD /* CommonAppDelegate.m */ = {isa = PBXFileReference; fileEncoding = 4; lastKnownFileType = sourcecode.c.objc; path = CommonAppDelegate.m; sourceTree = "<group>"; };
		1598CAEA27983B3D00511EFD /* CommonWindowSceneDelegate.h */ = {isa = PBXFileReference; fileEncoding = 4; lastKnownFileType = sourcecode.c.h; path = CommonWindowSceneDelegate.h; sourceTree = "<group>"; };
		1598CAEE27983E0100511EFD /* BaseView.h */ = {isa = PBXFileReference; lastKnownFileType = sourcecode.c.h; path = BaseView.h; sourceTree = "<group>"; };
		1598CAEF27983E0100511EFD /* BaseView.m */ = {isa = PBXFileReference; lastKnownFileType = sourcecode.c.objc; path = BaseView.m; sourceTree = "<group>"; };
		15A1A57827987155007CFF64 /* BaseColor.h */ = {isa = PBXFileReference; lastKnownFileType = sourcecode.c.h; path = BaseColor.h; sourceTree = "<group>"; };
		15A1A57927987155007CFF64 /* BaseColor.m */ = {isa = PBXFileReference; lastKnownFileType = sourcecode.c.objc; path = BaseColor.m; sourceTree = "<group>"; };
		2F2FACE48C52389856EA1C3E /* Pods-Q.debug.xcconfig */ = {isa = PBXFileReference; includeInIndex = 1; lastKnownFileType = text.xcconfig; name = "Pods-Q.debug.xcconfig"; path = "Target Support Files/Pods-Q/Pods-Q.debug.xcconfig"; sourceTree = "<group>"; };
		DE4FA9F44D6697284972CB5A /* Pods-Q.release.xcconfig */ = {isa = PBXFileReference; includeInIndex = 1; lastKnownFileType = text.xcconfig; name = "Pods-Q.release.xcconfig"; path = "Target Support Files/Pods-Q/Pods-Q.release.xcconfig"; sourceTree = "<group>"; };
		E555D12AA334E9D4FEFD4457 /* Pods_Q.framework */ = {isa = PBXFileReference; explicitFileType = wrapper.framework; includeInIndex = 0; path = Pods_Q.framework; sourceTree = BUILT_PRODUCTS_DIR; };
/* End PBXFileReference section */

/* Begin PBXFrameworksBuildPhase section */
		15277E502798223300FA882E /* Frameworks */ = {
			isa = PBXFrameworksBuildPhase;
			buildActionMask = 2147483647;
			files = (
				153958D32798556D009CFDCB /* Pods_Q.framework in Frameworks */,
			);
			runOnlyForDeploymentPostprocessing = 0;
		};
		15277E6B2798223400FA882E /* Frameworks */ = {
			isa = PBXFrameworksBuildPhase;
			buildActionMask = 2147483647;
			files = (
			);
			runOnlyForDeploymentPostprocessing = 0;
		};
		15277E752798223400FA882E /* Frameworks */ = {
			isa = PBXFrameworksBuildPhase;
			buildActionMask = 2147483647;
			files = (
			);
			runOnlyForDeploymentPostprocessing = 0;
		};
/* End PBXFrameworksBuildPhase section */

/* Begin PBXGroup section */
		12D629AB8FEE2E57BD3F0259 /* Pods */ = {
			isa = PBXGroup;
			children = (
				2F2FACE48C52389856EA1C3E /* Pods-Q.debug.xcconfig */,
				DE4FA9F44D6697284972CB5A /* Pods-Q.release.xcconfig */,
			);
			path = Pods;
			sourceTree = "<group>";
		};
		15277E4A2798223300FA882E = {
			isa = PBXGroup;
			children = (
				15277E552798223300FA882E /* Q */,
				15277E542798223300FA882E /* Products */,
				12D629AB8FEE2E57BD3F0259 /* Pods */,
				F117ED212ED8CC3B2B2E7D2A /* Frameworks */,
			);
			sourceTree = "<group>";
		};
		15277E542798223300FA882E /* Products */ = {
			isa = PBXGroup;
			children = (
				15277E532798223300FA882E /* Q.app */,
				15277E6E2798223400FA882E /* QTests.xctest */,
				15277E782798223400FA882E /* QUITests.xctest */,
			);
			name = Products;
			sourceTree = "<group>";
		};
		15277E552798223300FA882E /* Q */ = {
			isa = PBXGroup;
			children = (
				15277E622798223400FA882E /* Assets.xcassets */,
				15277E672798223400FA882E /* Info.plist */,
				1598CAE827983B3D00511EFD /* main.m */,
				1598CADC27983B1400511EFD /* src */,
				1598CAE227983B2000511EFD /* storyboard */,
			);
			path = Q;
			sourceTree = "<group>";
		};
		1530E4172799034000E4A8E4 /* BaseFoundation */ = {
			isa = PBXGroup;
			children = (
				153963FC27985C8E009CFDCB /* BaseObject */,
			);
			path = BaseFoundation;
			sourceTree = "<group>";
		};
		1530E4182799043800E4A8E4 /* BaseApplicationDelegate */ = {
			isa = PBXGroup;
			children = (
				1530E4192799046900E4A8E4 /* BaseApplicationDelegate.h */,
				1530E41A2799046900E4A8E4 /* BaseApplicationDelegate.m */,
			);
			path = BaseApplicationDelegate;
			sourceTree = "<group>";
		};
		1530E41C2799050500E4A8E4 /* Entrance */ = {
			isa = PBXGroup;
			children = (
				1530E437279912A800E4A8E4 /* Manager */,
				1530E4362799129D00E4A8E4 /* Application */,
				1530E4352799128100E4A8E4 /* WindowSceneDelegate */,
				1530E4342799127300E4A8E4 /* AppDelegate */,
			);
			path = Entrance;
			sourceTree = "<group>";
		};
		1530E41D2799066000E4A8E4 /* BaseWindowSceneDelegate */ = {
			isa = PBXGroup;
			children = (
				1530E41E2799068400E4A8E4 /* BaseWindowSceneDelegate.h */,
				1530E41F2799068400E4A8E4 /* BaseWindowSceneDelegate.m */,
			);
			path = BaseWindowSceneDelegate;
			sourceTree = "<group>";
		};
		1530E421279906FA00E4A8E4 /* BaseApplication */ = {
			isa = PBXGroup;
			children = (
				1530E4222799071400E4A8E4 /* BaseApplication.h */,
				1530E4232799071400E4A8E4 /* BaseApplication.m */,
			);
			path = BaseApplication;
			sourceTree = "<group>";
		};
		1530E4282799096100E4A8E4 /* BaseEntrance */ = {
			isa = PBXGroup;
			children = (
				1530E433279911D400E4A8E4 /* BaseEntranceManager */,
				1530E42F27990C4F00E4A8E4 /* BaseScene */,
				1530E41D2799066000E4A8E4 /* BaseWindowSceneDelegate */,
				1530E4182799043800E4A8E4 /* BaseApplicationDelegate */,
			);
			path = BaseEntrance;
			sourceTree = "<group>";
		};
		1530E42F27990C4F00E4A8E4 /* BaseScene */ = {
			isa = PBXGroup;
			children = (
				1530E43027990C6000E4A8E4 /* BaseScene.h */,
				1530E43127990C6000E4A8E4 /* BaseScene.m */,
			);
			path = BaseScene;
			sourceTree = "<group>";
		};
		1530E433279911D400E4A8E4 /* BaseEntranceManager */ = {
			isa = PBXGroup;
			children = (
				1530E4292799097B00E4A8E4 /* BaseEntranceManager.h */,
				1530E42A2799097B00E4A8E4 /* BaseEntranceManager.m */,
			);
			path = BaseEntranceManager;
			sourceTree = "<group>";
		};
		1530E4342799127300E4A8E4 /* AppDelegate */ = {
			isa = PBXGroup;
			children = (
				1598CAE627983B3D00511EFD /* CommonAppDelegate.h */,
				1598CAE927983B3D00511EFD /* CommonAppDelegate.m */,
			);
			path = AppDelegate;
			sourceTree = "<group>";
		};
		1530E4352799128100E4A8E4 /* WindowSceneDelegate */ = {
			isa = PBXGroup;
			children = (
				1598CAEA27983B3D00511EFD /* CommonWindowSceneDelegate.h */,
				1598CAE727983B3D00511EFD /* CommonWindowSceneDelegate.m */,
			);
			path = WindowSceneDelegate;
			sourceTree = "<group>";
		};
		1530E4362799129D00E4A8E4 /* Application */ = {
			isa = PBXGroup;
			children = (
				1530E4252799073700E4A8E4 /* CommonApplication.h */,
				1530E4262799073700E4A8E4 /* CommonApplication.m */,
			);
			path = Application;
			sourceTree = "<group>";
		};
		1530E437279912A800E4A8E4 /* Manager */ = {
			isa = PBXGroup;
			children = (
				1530E42C279909AA00E4A8E4 /* CommonEntranceManager.h */,
				1530E42D279909AA00E4A8E4 /* CommonEntranceManager.m */,
			);
			path = Manager;
			sourceTree = "<group>";
		};
		1530E4382799137200E4A8E4 /* Module */ = {
			isa = PBXGroup;
			children = (
				1530E43D2799150A00E4A8E4 /* BaseModule */,
				1530E43C279914FB00E4A8E4 /* BaseModuleManager */,
			);
			path = Module;
			sourceTree = "<group>";
		};
		1530E43C279914FB00E4A8E4 /* BaseModuleManager */ = {
			isa = PBXGroup;
			children = (
				1530E439279914EB00E4A8E4 /* BaseModuleManager.h */,
				1530E43A279914EB00E4A8E4 /* BaseModuleManager.m */,
			);
			path = BaseModuleManager;
			sourceTree = "<group>";
		};
		1530E43D2799150A00E4A8E4 /* BaseModule */ = {
			isa = PBXGroup;
			children = (
				1530E43F2799152900E4A8E4 /* BaseModule.h */,
				1530E4402799152900E4A8E4 /* BaseModule.m */,
			);
			path = BaseModule;
			sourceTree = "<group>";
		};
		1530E442279932B100E4A8E4 /* Module */ = {
			isa = PBXGroup;
			children = (
				1530E44B2799336400E4A8E4 /* BusinessModule */,
				1530E4472799333200E4A8E4 /* CommonModule */,
				1530E4462799332A00E4A8E4 /* SystemModule */,
			);
			path = Module;
			sourceTree = "<group>";
		};
		1530E4462799332A00E4A8E4 /* SystemModule */ = {
			isa = PBXGroup;
			children = (
				1530E443279932D800E4A8E4 /* SystemModule.h */,
				1530E444279932D800E4A8E4 /* SystemModule.m */,
			);
			path = SystemModule;
			sourceTree = "<group>";
		};
		1530E4472799333200E4A8E4 /* CommonModule */ = {
			isa = PBXGroup;
			children = (
				1530E4482799334F00E4A8E4 /* CommonModule.h */,
				1530E4492799334F00E4A8E4 /* CommonModule.m */,
			);
			path = CommonModule;
			sourceTree = "<group>";
		};
		1530E44B2799336400E4A8E4 /* BusinessModule */ = {
			isa = PBXGroup;
			children = (
				1530E44C2799337E00E4A8E4 /* BusinessModule.h */,
				1530E44D2799337E00E4A8E4 /* BusinessModule.m */,
			);
			path = BusinessModule;
			sourceTree = "<group>";
		};
		1530E44F2799373E00E4A8E4 /* Module */ = {
			isa = PBXGroup;
			children = (
				1530E4542799376300E4A8E4 /* Modules */,
			);
			path = Module;
			sourceTree = "<group>";
		};
		1530E4542799376300E4A8E4 /* Modules */ = {
			isa = PBXGroup;
			children = (
			);
			path = Modules;
			sourceTree = "<group>";
		};
		153963EC27985984009CFDCB /* CommonBusiness */ = {
			isa = PBXGroup;
			children = (
				1530E44F2799373E00E4A8E4 /* Module */,
				1530E41C2799050500E4A8E4 /* Entrance */,
				153963FB27985C77009CFDCB /* View */,
				153963FA27985C6E009CFDCB /* ViewController */,
				153963F927985C5A009CFDCB /* Controller */,
			);
			path = CommonBusiness;
			sourceTree = "<group>";
		};
		153963ED27985A44009CFDCB /* TabBarController */ = {
			isa = PBXGroup;
			children = (
				153963EE27985A79009CFDCB /* TabBarController.h */,
				153963EF27985A79009CFDCB /* TabBarController.m */,
				15396410279860A3009CFDCB /* TabBarControllerDataProvider.h */,
				15396411279860A3009CFDCB /* TabBarControllerDataProvider.m */,
			);
			path = TabBarController;
			sourceTree = "<group>";
		};
		153963F127985AAA009CFDCB /* BaseTabBarController */ = {
			isa = PBXGroup;
			children = (
				153963F227985AE0009CFDCB /* BaseTabBarController.h */,
				153963F327985AE0009CFDCB /* BaseTabBarController.m */,
			);
			path = BaseTabBarController;
			sourceTree = "<group>";
		};
		153963F527985B53009CFDCB /* HomeNavigationController */ = {
			isa = PBXGroup;
			children = (
				1539640A27985DA5009CFDCB /* HomeNavigationController.h */,
				1539640B27985DA5009CFDCB /* HomeNavigationController.m */,
			);
			path = HomeNavigationController;
			sourceTree = "<group>";
		};
		153963F627985B9E009CFDCB /* FeatureNavigationController */ = {
			isa = PBXGroup;
			children = (
				1539640727985D41009CFDCB /* FeatureNavigationController.h */,
				1539640827985D41009CFDCB /* FeatureNavigationController.m */,
			);
			path = FeatureNavigationController;
			sourceTree = "<group>";
		};
		153963F727985C01009CFDCB /* ThirdNavigationController */ = {
			isa = PBXGroup;
			children = (
				1539640427985D1B009CFDCB /* ThirdNavigationController.h */,
				1539640527985D1B009CFDCB /* ThirdNavigationController.m */,
			);
			path = ThirdNavigationController;
			sourceTree = "<group>";
		};
		153963F827985C39009CFDCB /* MineNavigationController */ = {
			isa = PBXGroup;
			children = (
				1539640127985CFD009CFDCB /* MineNavigationController.h */,
				1539640227985CFD009CFDCB /* MineNavigationController.m */,
			);
			path = MineNavigationController;
			sourceTree = "<group>";
		};
		153963F927985C5A009CFDCB /* Controller */ = {
			isa = PBXGroup;
			children = (
				153963F827985C39009CFDCB /* MineNavigationController */,
				153963F727985C01009CFDCB /* ThirdNavigationController */,
				153963F627985B9E009CFDCB /* FeatureNavigationController */,
				153963F527985B53009CFDCB /* HomeNavigationController */,
				153963ED27985A44009CFDCB /* TabBarController */,
			);
			path = Controller;
			sourceTree = "<group>";
		};
		153963FA27985C6E009CFDCB /* ViewController */ = {
			isa = PBXGroup;
			children = (
				1539641627986230009CFDCB /* Mine */,
				153964152798622B009CFDCB /* Third */,
				1539641427986222009CFDCB /* Feature */,
				153964132798621D009CFDCB /* Home */,
			);
			path = ViewController;
			sourceTree = "<group>";
		};
		153963FB27985C77009CFDCB /* View */ = {
			isa = PBXGroup;
			children = (
			);
			path = View;
			sourceTree = "<group>";
		};
		153963FC27985C8E009CFDCB /* BaseObject */ = {
			isa = PBXGroup;
			children = (
				153963FE27985CBA009CFDCB /* BaseObject.h */,
				153963FF27985CBA009CFDCB /* BaseObject.m */,
			);
			path = BaseObject;
			sourceTree = "<group>";
		};
		153964132798621D009CFDCB /* Home */ = {
			isa = PBXGroup;
			children = (
				1539642027986290009CFDCB /* HomeViewController.h */,
				1539642127986290009CFDCB /* HomeViewController.m */,
			);
			path = Home;
			sourceTree = "<group>";
		};
		1539641427986222009CFDCB /* Feature */ = {
			isa = PBXGroup;
			children = (
				1539641D2798627A009CFDCB /* FeatureViewController.h */,
				1539641E2798627A009CFDCB /* FeatureViewController.m */,
			);
			path = Feature;
			sourceTree = "<group>";
		};
		153964152798622B009CFDCB /* Third */ = {
			isa = PBXGroup;
			children = (
				1539641A27986268009CFDCB /* ThirdViewController.h */,
				1539641B27986268009CFDCB /* ThirdViewController.m */,
			);
			path = Third;
			sourceTree = "<group>";
		};
		1539641627986230009CFDCB /* Mine */ = {
			isa = PBXGroup;
			children = (
				1539641727986256009CFDCB /* MineViewController.h */,
				1539641827986256009CFDCB /* MineViewController.m */,
			);
			path = Mine;
			sourceTree = "<group>";
		};
		1598CAB827983AFF00511EFD /* base */ = {
			isa = PBXGroup;
			children = (
				1530E4382799137200E4A8E4 /* Module */,
				1530E4172799034000E4A8E4 /* BaseFoundation */,
				1598CAC327983AFF00511EFD /* BaseKit */,
				1598CAC227983AFF00511EFD /* Data */,
				1598CAC027983AFF00511EFD /* Device */,
				1598CAC127983AFF00511EFD /* Feature */,
				1598CABD27983AFF00511EFD /* File */,
				1598CABB27983AFF00511EFD /* Logger */,
				1598CABA27983AFF00511EFD /* Monitor */,
				1598CABE27983AFF00511EFD /* Network */,
				1598CAD427983AFF00511EFD /* Player */,
				1598CAD527983AFF00511EFD /* Router */,
				1598CABF27983AFF00511EFD /* Theme */,
				1598CAB927983AFF00511EFD /* Tracer */,
				1598CABC27983AFF00511EFD /* Util */,
			);
			path = base;
			sourceTree = "<group>";
		};
		1598CAB927983AFF00511EFD /* Tracer */ = {
			isa = PBXGroup;
			children = (
			);
			path = Tracer;
			sourceTree = "<group>";
		};
		1598CABA27983AFF00511EFD /* Monitor */ = {
			isa = PBXGroup;
			children = (
			);
			path = Monitor;
			sourceTree = "<group>";
		};
		1598CABB27983AFF00511EFD /* Logger */ = {
			isa = PBXGroup;
			children = (
			);
			path = Logger;
			sourceTree = "<group>";
		};
		1598CABC27983AFF00511EFD /* Util */ = {
			isa = PBXGroup;
			children = (
			);
			path = Util;
			sourceTree = "<group>";
		};
		1598CABD27983AFF00511EFD /* File */ = {
			isa = PBXGroup;
			children = (
			);
			path = File;
			sourceTree = "<group>";
		};
		1598CABE27983AFF00511EFD /* Network */ = {
			isa = PBXGroup;
			children = (
			);
			path = Network;
			sourceTree = "<group>";
		};
		1598CABF27983AFF00511EFD /* Theme */ = {
			isa = PBXGroup;
			children = (
			);
			path = Theme;
			sourceTree = "<group>";
		};
		1598CAC027983AFF00511EFD /* Device */ = {
			isa = PBXGroup;
			children = (
			);
			path = Device;
			sourceTree = "<group>";
		};
		1598CAC127983AFF00511EFD /* Feature */ = {
			isa = PBXGroup;
			children = (
			);
			path = Feature;
			sourceTree = "<group>";
		};
		1598CAC227983AFF00511EFD /* Data */ = {
			isa = PBXGroup;
			children = (
			);
			path = Data;
			sourceTree = "<group>";
		};
		1598CAC327983AFF00511EFD /* BaseKit */ = {
			isa = PBXGroup;
			children = (
				1530E4282799096100E4A8E4 /* BaseEntrance */,
				1530E421279906FA00E4A8E4 /* BaseApplication */,
				15A1A5772798713E007CFF64 /* BaseColor */,
				153963F127985AAA009CFDCB /* BaseTabBarController */,
				1598CAC427983AFF00511EFD /* BaseNavigationController */,
				1598CAC727983AFF00511EFD /* BaseWebView */,
				1598CACA27983AFF00511EFD /* BaseView */,
				1598CACB27983AFF00511EFD /* BaseWindow */,
				1598CACE27983AFF00511EFD /* BaseViewController */,
			);
			path = BaseKit;
			sourceTree = "<group>";
		};
		1598CAC427983AFF00511EFD /* BaseNavigationController */ = {
			isa = PBXGroup;
			children = (
				1598CAC527983AFF00511EFD /* BaseNavigationController.m */,
				1598CAC627983AFF00511EFD /* BaseNavigationController.h */,
			);
			path = BaseNavigationController;
			sourceTree = "<group>";
		};
		1598CAC727983AFF00511EFD /* BaseWebView */ = {
			isa = PBXGroup;
			children = (
				1598CAC827983AFF00511EFD /* BaseWebView.h */,
				1598CAC927983AFF00511EFD /* BaseWebView.m */,
			);
			path = BaseWebView;
			sourceTree = "<group>";
		};
		1598CACA27983AFF00511EFD /* BaseView */ = {
			isa = PBXGroup;
			children = (
				1598CAEE27983E0100511EFD /* BaseView.h */,
				1598CAEF27983E0100511EFD /* BaseView.m */,
			);
			path = BaseView;
			sourceTree = "<group>";
		};
		1598CACB27983AFF00511EFD /* BaseWindow */ = {
			isa = PBXGroup;
			children = (
				1598CACC27983AFF00511EFD /* BaseWindow.m */,
				1598CACD27983AFF00511EFD /* BaseWindow.h */,
			);
			path = BaseWindow;
			sourceTree = "<group>";
		};
		1598CACE27983AFF00511EFD /* BaseViewController */ = {
			isa = PBXGroup;
			children = (
				1598CACF27983AFF00511EFD /* BaseViewController.m */,
				1598CAD027983AFF00511EFD /* BaseViewController.h */,
			);
			path = BaseViewController;
			sourceTree = "<group>";
		};
		1598CAD427983AFF00511EFD /* Player */ = {
			isa = PBXGroup;
			children = (
			);
			path = Player;
			sourceTree = "<group>";
		};
		1598CAD527983AFF00511EFD /* Router */ = {
			isa = PBXGroup;
			children = (
			);
			path = Router;
			sourceTree = "<group>";
		};
		1598CADB27983B0B00511EFD /* common */ = {
			isa = PBXGroup;
			children = (
				1530E442279932B100E4A8E4 /* Module */,
			);
			path = common;
			sourceTree = "<group>";
		};
		1598CADC27983B1400511EFD /* src */ = {
			isa = PBXGroup;
			children = (
				1598CADB27983B0B00511EFD /* common */,
				1598CAB827983AFF00511EFD /* base */,
				1598CADD27983B1400511EFD /* business */,
			);
			path = src;
			sourceTree = "<group>";
		};
		1598CADD27983B1400511EFD /* business */ = {
			isa = PBXGroup;
			children = (
				153963EC27985984009CFDCB /* CommonBusiness */,
			);
			path = business;
			sourceTree = "<group>";
		};
		1598CAE227983B2000511EFD /* storyboard */ = {
			isa = PBXGroup;
			children = (
				1598CAE327983B2000511EFD /* LaunchScreen.storyboard */,
			);
			path = storyboard;
			sourceTree = "<group>";
		};
		15A1A5772798713E007CFF64 /* BaseColor */ = {
			isa = PBXGroup;
			children = (
				15A1A57827987155007CFF64 /* BaseColor.h */,
				15A1A57927987155007CFF64 /* BaseColor.m */,
			);
			path = BaseColor;
			sourceTree = "<group>";
		};
		F117ED212ED8CC3B2B2E7D2A /* Frameworks */ = {
			isa = PBXGroup;
			children = (
				E555D12AA334E9D4FEFD4457 /* Pods_Q.framework */,
			);
			name = Frameworks;
			sourceTree = "<group>";
		};
/* End PBXGroup section */

/* Begin PBXNativeTarget section */
		15277E522798223300FA882E /* Q */ = {
			isa = PBXNativeTarget;
			buildConfigurationList = 15277E822798223400FA882E /* Build configuration list for PBXNativeTarget "Q" */;
			buildPhases = (
				62A35F9F04A016EF8C7831A5 /* [CP] Check Pods Manifest.lock */,
				78FE6A3CD4A6FD031F7D7CA4 /* [CP-User] Run Flutter Build flutter_module Script */,
				15277E4F2798223300FA882E /* Sources */,
				15277E502798223300FA882E /* Frameworks */,
				15277E512798223300FA882E /* Resources */,
				D3E3FFCB9F8594468496714B /* [CP] Embed Pods Frameworks */,
			);
			buildRules = (
			);
			dependencies = (
			);
			name = Q;
			productName = Q;
			productReference = 15277E532798223300FA882E /* Q.app */;
			productType = "com.apple.product-type.application";
		};
		15277E6D2798223400FA882E /* QTests */ = {
			isa = PBXNativeTarget;
			buildConfigurationList = 15277E852798223400FA882E /* Build configuration list for PBXNativeTarget "QTests" */;
			buildPhases = (
				15277E6A2798223400FA882E /* Sources */,
				15277E6B2798223400FA882E /* Frameworks */,
				15277E6C2798223400FA882E /* Resources */,
			);
			buildRules = (
			);
			dependencies = (
				15277E702798223400FA882E /* PBXTargetDependency */,
			);
			name = QTests;
			productName = QTests;
			productReference = 15277E6E2798223400FA882E /* QTests.xctest */;
			productType = "com.apple.product-type.bundle.unit-test";
		};
		15277E772798223400FA882E /* QUITests */ = {
			isa = PBXNativeTarget;
			buildConfigurationList = 15277E882798223400FA882E /* Build configuration list for PBXNativeTarget "QUITests" */;
			buildPhases = (
				15277E742798223400FA882E /* Sources */,
				15277E752798223400FA882E /* Frameworks */,
				15277E762798223400FA882E /* Resources */,
			);
			buildRules = (
			);
			dependencies = (
				15277E7A2798223400FA882E /* PBXTargetDependency */,
			);
			name = QUITests;
			productName = QUITests;
			productReference = 15277E782798223400FA882E /* QUITests.xctest */;
			productType = "com.apple.product-type.bundle.ui-testing";
		};
/* End PBXNativeTarget section */

/* Begin PBXProject section */
		15277E4B2798223300FA882E /* Project object */ = {
			isa = PBXProject;
			attributes = {
				BuildIndependentTargetsInParallel = 1;
				LastUpgradeCheck = 1320;
				TargetAttributes = {
					15277E522798223300FA882E = {
						CreatedOnToolsVersion = 13.2.1;
					};
					15277E6D2798223400FA882E = {
						CreatedOnToolsVersion = 13.2.1;
						TestTargetID = 15277E522798223300FA882E;
					};
					15277E772798223400FA882E = {
						CreatedOnToolsVersion = 13.2.1;
						TestTargetID = 15277E522798223300FA882E;
					};
				};
			};
			buildConfigurationList = 15277E4E2798223300FA882E /* Build configuration list for PBXProject "Q" */;
			compatibilityVersion = "Xcode 13.0";
			developmentRegion = en;
			hasScannedForEncodings = 0;
			knownRegions = (
				en,
				Base,
			);
			mainGroup = 15277E4A2798223300FA882E;
			productRefGroup = 15277E542798223300FA882E /* Products */;
			projectDirPath = "";
			projectRoot = "";
			targets = (
				15277E522798223300FA882E /* Q */,
				15277E6D2798223400FA882E /* QTests */,
				15277E772798223400FA882E /* QUITests */,
			);
		};
/* End PBXProject section */

/* Begin PBXResourcesBuildPhase section */
		15277E512798223300FA882E /* Resources */ = {
			isa = PBXResourcesBuildPhase;
			buildActionMask = 2147483647;
			files = (
				1598CAE427983B2000511EFD /* LaunchScreen.storyboard in Resources */,
				15277E632798223400FA882E /* Assets.xcassets in Resources */,
			);
			runOnlyForDeploymentPostprocessing = 0;
		};
		15277E6C2798223400FA882E /* Resources */ = {
			isa = PBXResourcesBuildPhase;
			buildActionMask = 2147483647;
			files = (
			);
			runOnlyForDeploymentPostprocessing = 0;
		};
		15277E762798223400FA882E /* Resources */ = {
			isa = PBXResourcesBuildPhase;
			buildActionMask = 2147483647;
			files = (
			);
			runOnlyForDeploymentPostprocessing = 0;
		};
/* End PBXResourcesBuildPhase section */

/* Begin PBXShellScriptBuildPhase section */
		62A35F9F04A016EF8C7831A5 /* [CP] Check Pods Manifest.lock */ = {
			isa = PBXShellScriptBuildPhase;
			buildActionMask = 2147483647;
			files = (
			);
			inputFileListPaths = (
			);
			inputPaths = (
				"${PODS_PODFILE_DIR_PATH}/Podfile.lock",
				"${PODS_ROOT}/Manifest.lock",
			);
			name = "[CP] Check Pods Manifest.lock";
			outputFileListPaths = (
			);
			outputPaths = (
				"$(DERIVED_FILE_DIR)/Pods-Q-checkManifestLockResult.txt",
			);
			runOnlyForDeploymentPostprocessing = 0;
			shellPath = /bin/sh;
			shellScript = "diff \"${PODS_PODFILE_DIR_PATH}/Podfile.lock\" \"${PODS_ROOT}/Manifest.lock\" > /dev/null\nif [ $? != 0 ] ; then\n    # print error to STDERR\n    echo \"error: The sandbox is not in sync with the Podfile.lock. Run 'pod install' or update your CocoaPods installation.\" >&2\n    exit 1\nfi\n# This output is used by Xcode 'outputs' to avoid re-running this script phase.\necho \"SUCCESS\" > \"${SCRIPT_OUTPUT_FILE_0}\"\n";
			showEnvVarsInLog = 0;
		};
		78FE6A3CD4A6FD031F7D7CA4 /* [CP-User] Run Flutter Build flutter_module Script */ = {
			isa = PBXShellScriptBuildPhase;
			buildActionMask = 2147483647;
			files = (
			);
			name = "[CP-User] Run Flutter Build flutter_module Script";
			runOnlyForDeploymentPostprocessing = 0;
			shellPath = /bin/sh;
			shellScript = "set -e\nset -u\nsource \"${SRCROOT}/DevelopPods/flutter_module/.ios/Flutter/flutter_export_environment.sh\"\nexport VERBOSE_SCRIPT_LOGGING=1 && \"$FLUTTER_ROOT\"/packages/flutter_tools/bin/xcode_backend.sh build";
		};
		D3E3FFCB9F8594468496714B /* [CP] Embed Pods Frameworks */ = {
			isa = PBXShellScriptBuildPhase;
			buildActionMask = 2147483647;
			files = (
			);
			inputFileListPaths = (
				"${PODS_ROOT}/Target Support Files/Pods-Q/Pods-Q-frameworks-${CONFIGURATION}-input-files.xcfilelist",
			);
			name = "[CP] Embed Pods Frameworks";
			outputFileListPaths = (
				"${PODS_ROOT}/Target Support Files/Pods-Q/Pods-Q-frameworks-${CONFIGURATION}-output-files.xcfilelist",
			);
			runOnlyForDeploymentPostprocessing = 0;
			shellPath = /bin/sh;
			shellScript = "\"${PODS_ROOT}/Target Support Files/Pods-Q/Pods-Q-frameworks.sh\"\n";
			showEnvVarsInLog = 0;
		};
/* End PBXShellScriptBuildPhase section */

/* Begin PBXSourcesBuildPhase section */
		15277E4F2798223300FA882E /* Sources */ = {
			isa = PBXSourcesBuildPhase;
			buildActionMask = 2147483647;
			files = (
				1539640327985CFD009CFDCB /* MineNavigationController.m in Sources */,
				1598CAD727983AFF00511EFD /* BaseWebView.m in Sources */,
				1539640C27985DA5009CFDCB /* HomeNavigationController.m in Sources */,
				1539641927986256009CFDCB /* MineViewController.m in Sources */,
				1539640027985CBA009CFDCB /* BaseObject.m in Sources */,
				1539642227986290009CFDCB /* HomeViewController.m in Sources */,
				1530E42E279909AA00E4A8E4 /* CommonEntranceManager.m in Sources */,
				1530E43227990C6000E4A8E4 /* BaseScene.m in Sources */,
				15396412279860A3009CFDCB /* TabBarControllerDataProvider.m in Sources */,
				15A1A57A27987155007CFF64 /* BaseColor.m in Sources */,
				1598CAD627983AFF00511EFD /* BaseNavigationController.m in Sources */,
				1530E44E2799337E00E4A8E4 /* BusinessModule.m in Sources */,
				1530E445279932D800E4A8E4 /* SystemModule.m in Sources */,
				1598CAD827983AFF00511EFD /* BaseWindow.m in Sources */,
				1539640627985D1B009CFDCB /* ThirdNavigationController.m in Sources */,
				1530E43B279914EB00E4A8E4 /* BaseModuleManager.m in Sources */,
				1530E4242799071400E4A8E4 /* BaseApplication.m in Sources */,
				1539641F2798627A009CFDCB /* FeatureViewController.m in Sources */,
				1539640927985D41009CFDCB /* FeatureNavigationController.m in Sources */,
				1539641C27986268009CFDCB /* ThirdViewController.m in Sources */,
				153963F427985AE0009CFDCB /* BaseTabBarController.m in Sources */,
				1530E4272799073700E4A8E4 /* CommonApplication.m in Sources */,
				153963F027985A79009CFDCB /* TabBarController.m in Sources */,
				1598CAD927983AFF00511EFD /* BaseViewController.m in Sources */,
				1598CAEB27983B3D00511EFD /* CommonWindowSceneDelegate.m in Sources */,
				1530E44A2799334F00E4A8E4 /* CommonModule.m in Sources */,
				1530E41B2799046900E4A8E4 /* BaseApplicationDelegate.m in Sources */,
				1530E4202799068400E4A8E4 /* BaseWindowSceneDelegate.m in Sources */,
				1598CAED27983B3D00511EFD /* CommonAppDelegate.m in Sources */,
				1530E4412799152900E4A8E4 /* BaseModule.m in Sources */,
				1598CAF027983E0100511EFD /* BaseView.m in Sources */,
				1530E42B2799097B00E4A8E4 /* BaseEntranceManager.m in Sources */,
				1598CAEC27983B3D00511EFD /* main.m in Sources */,
			);
			runOnlyForDeploymentPostprocessing = 0;
		};
		15277E6A2798223400FA882E /* Sources */ = {
			isa = PBXSourcesBuildPhase;
			buildActionMask = 2147483647;
			files = (
			);
			runOnlyForDeploymentPostprocessing = 0;
		};
		15277E742798223400FA882E /* Sources */ = {
			isa = PBXSourcesBuildPhase;
			buildActionMask = 2147483647;
			files = (
			);
			runOnlyForDeploymentPostprocessing = 0;
		};
/* End PBXSourcesBuildPhase section */

/* Begin PBXTargetDependency section */
		15277E702798223400FA882E /* PBXTargetDependency */ = {
			isa = PBXTargetDependency;
			target = 15277E522798223300FA882E /* Q */;
			targetProxy = 15277E6F2798223400FA882E /* PBXContainerItemProxy */;
		};
		15277E7A2798223400FA882E /* PBXTargetDependency */ = {
			isa = PBXTargetDependency;
			target = 15277E522798223300FA882E /* Q */;
			targetProxy = 15277E792798223400FA882E /* PBXContainerItemProxy */;
		};
/* End PBXTargetDependency section */

/* Begin XCBuildConfiguration section */
		15277E802798223400FA882E /* Debug */ = {
			isa = XCBuildConfiguration;
			buildSettings = {
				ALWAYS_SEARCH_USER_PATHS = NO;
				CLANG_ANALYZER_NONNULL = YES;
				CLANG_ANALYZER_NUMBER_OBJECT_CONVERSION = YES_AGGRESSIVE;
				CLANG_CXX_LANGUAGE_STANDARD = "gnu++17";
				CLANG_CXX_LIBRARY = "libc++";
				CLANG_ENABLE_MODULES = YES;
				CLANG_ENABLE_OBJC_ARC = YES;
				CLANG_ENABLE_OBJC_WEAK = YES;
				CLANG_WARN_BLOCK_CAPTURE_AUTORELEASING = YES;
				CLANG_WARN_BOOL_CONVERSION = YES;
				CLANG_WARN_COMMA = YES;
				CLANG_WARN_CONSTANT_CONVERSION = YES;
				CLANG_WARN_DEPRECATED_OBJC_IMPLEMENTATIONS = YES;
				CLANG_WARN_DIRECT_OBJC_ISA_USAGE = YES_ERROR;
				CLANG_WARN_DOCUMENTATION_COMMENTS = YES;
				CLANG_WARN_EMPTY_BODY = YES;
				CLANG_WARN_ENUM_CONVERSION = YES;
				CLANG_WARN_INFINITE_RECURSION = YES;
				CLANG_WARN_INT_CONVERSION = YES;
				CLANG_WARN_NON_LITERAL_NULL_CONVERSION = YES;
				CLANG_WARN_OBJC_IMPLICIT_RETAIN_SELF = YES;
				CLANG_WARN_OBJC_LITERAL_CONVERSION = YES;
				CLANG_WARN_OBJC_ROOT_CLASS = YES_ERROR;
				CLANG_WARN_QUOTED_INCLUDE_IN_FRAMEWORK_HEADER = YES;
				CLANG_WARN_RANGE_LOOP_ANALYSIS = YES;
				CLANG_WARN_STRICT_PROTOTYPES = YES;
				CLANG_WARN_SUSPICIOUS_MOVE = YES;
				CLANG_WARN_UNGUARDED_AVAILABILITY = YES_AGGRESSIVE;
				CLANG_WARN_UNREACHABLE_CODE = YES;
				CLANG_WARN__DUPLICATE_METHOD_MATCH = YES;
				COPY_PHASE_STRIP = NO;
				DEBUG_INFORMATION_FORMAT = dwarf;
				ENABLE_STRICT_OBJC_MSGSEND = YES;
				ENABLE_TESTABILITY = YES;
				GCC_C_LANGUAGE_STANDARD = gnu11;
				GCC_DYNAMIC_NO_PIC = NO;
				GCC_NO_COMMON_BLOCKS = YES;
				GCC_OPTIMIZATION_LEVEL = 0;
				GCC_PREPROCESSOR_DEFINITIONS = (
					"DEBUG=1",
					"$(inherited)",
				);
				GCC_WARN_64_TO_32_BIT_CONVERSION = YES;
				GCC_WARN_ABOUT_RETURN_TYPE = YES_ERROR;
				GCC_WARN_UNDECLARED_SELECTOR = YES;
				GCC_WARN_UNINITIALIZED_AUTOS = YES_AGGRESSIVE;
				GCC_WARN_UNUSED_FUNCTION = YES;
				GCC_WARN_UNUSED_VARIABLE = YES;
				IPHONEOS_DEPLOYMENT_TARGET = 15.2;
				MTL_ENABLE_DEBUG_INFO = INCLUDE_SOURCE;
				MTL_FAST_MATH = YES;
				ONLY_ACTIVE_ARCH = YES;
				SDKROOT = iphoneos;
			};
			name = Debug;
		};
		15277E812798223400FA882E /* Release */ = {
			isa = XCBuildConfiguration;
			buildSettings = {
				ALWAYS_SEARCH_USER_PATHS = NO;
				CLANG_ANALYZER_NONNULL = YES;
				CLANG_ANALYZER_NUMBER_OBJECT_CONVERSION = YES_AGGRESSIVE;
				CLANG_CXX_LANGUAGE_STANDARD = "gnu++17";
				CLANG_CXX_LIBRARY = "libc++";
				CLANG_ENABLE_MODULES = YES;
				CLANG_ENABLE_OBJC_ARC = YES;
				CLANG_ENABLE_OBJC_WEAK = YES;
				CLANG_WARN_BLOCK_CAPTURE_AUTORELEASING = YES;
				CLANG_WARN_BOOL_CONVERSION = YES;
				CLANG_WARN_COMMA = YES;
				CLANG_WARN_CONSTANT_CONVERSION = YES;
				CLANG_WARN_DEPRECATED_OBJC_IMPLEMENTATIONS = YES;
				CLANG_WARN_DIRECT_OBJC_ISA_USAGE = YES_ERROR;
				CLANG_WARN_DOCUMENTATION_COMMENTS = YES;
				CLANG_WARN_EMPTY_BODY = YES;
				CLANG_WARN_ENUM_CONVERSION = YES;
				CLANG_WARN_INFINITE_RECURSION = YES;
				CLANG_WARN_INT_CONVERSION = YES;
				CLANG_WARN_NON_LITERAL_NULL_CONVERSION = YES;
				CLANG_WARN_OBJC_IMPLICIT_RETAIN_SELF = YES;
				CLANG_WARN_OBJC_LITERAL_CONVERSION = YES;
				CLANG_WARN_OBJC_ROOT_CLASS = YES_ERROR;
				CLANG_WARN_QUOTED_INCLUDE_IN_FRAMEWORK_HEADER = YES;
				CLANG_WARN_RANGE_LOOP_ANALYSIS = YES;
				CLANG_WARN_STRICT_PROTOTYPES = YES;
				CLANG_WARN_SUSPICIOUS_MOVE = YES;
				CLANG_WARN_UNGUARDED_AVAILABILITY = YES_AGGRESSIVE;
				CLANG_WARN_UNREACHABLE_CODE = YES;
				CLANG_WARN__DUPLICATE_METHOD_MATCH = YES;
				COPY_PHASE_STRIP = NO;
				DEBUG_INFORMATION_FORMAT = "dwarf-with-dsym";
				ENABLE_NS_ASSERTIONS = NO;
				ENABLE_STRICT_OBJC_MSGSEND = YES;
				GCC_C_LANGUAGE_STANDARD = gnu11;
				GCC_NO_COMMON_BLOCKS = YES;
				GCC_WARN_64_TO_32_BIT_CONVERSION = YES;
				GCC_WARN_ABOUT_RETURN_TYPE = YES_ERROR;
				GCC_WARN_UNDECLARED_SELECTOR = YES;
				GCC_WARN_UNINITIALIZED_AUTOS = YES_AGGRESSIVE;
				GCC_WARN_UNUSED_FUNCTION = YES;
				GCC_WARN_UNUSED_VARIABLE = YES;
				IPHONEOS_DEPLOYMENT_TARGET = 15.2;
				MTL_ENABLE_DEBUG_INFO = NO;
				MTL_FAST_MATH = YES;
				SDKROOT = iphoneos;
				VALIDATE_PRODUCT = YES;
			};
			name = Release;
		};
		15277E832798223400FA882E /* Debug */ = {
			isa = XCBuildConfiguration;
			baseConfigurationReference = 2F2FACE48C52389856EA1C3E /* Pods-Q.debug.xcconfig */;
			buildSettings = {
				ALWAYS_SEARCH_USER_PATHS = NO;
				ASSETCATALOG_COMPILER_APPICON_NAME = AppIcon;
				ASSETCATALOG_COMPILER_GLOBAL_ACCENT_COLOR_NAME = AccentColor;
				CODE_SIGN_STYLE = Automatic;
				CURRENT_PROJECT_VERSION = 1;
				DEVELOPMENT_TEAM = DXFP8TLN85;
				FRAMEWORK_SEARCH_PATHS = (
					"$(inherited)",
					"\"${PODS_CONFIGURATION_BUILD_DIR}/AFNetworking\"",
					"\"${PODS_CONFIGURATION_BUILD_DIR}/FLEX\"",
					"\"${PODS_CONFIGURATION_BUILD_DIR}/FMDB\"",
					"\"${PODS_CONFIGURATION_BUILD_DIR}/FlutterPluginRegistrant\"",
					"\"${PODS_CONFIGURATION_BUILD_DIR}/JSONModel\"",
					"\"${PODS_CONFIGURATION_BUILD_DIR}/JSPatch\"",
					"\"${PODS_CONFIGURATION_BUILD_DIR}/LookinServer\"",
					"\"${PODS_CONFIGURATION_BUILD_DIR}/Masonry\"",
					"\"${PODS_CONFIGURATION_BUILD_DIR}/Reachability\"",
					"\"${PODS_CONFIGURATION_BUILD_DIR}/ReactiveCocoa\"",
					"\"${PODS_CONFIGURATION_BUILD_DIR}/ReactiveSwift\"",
					"\"${PODS_CONFIGURATION_BUILD_DIR}/RegexKitLite-NoWarning\"",
					"\"${PODS_CONFIGURATION_BUILD_DIR}/SDWebImage\"",
					"\"${PODS_CONFIGURATION_BUILD_DIR}/SSZipArchive\"",
					"\"${PODS_CONFIGURATION_BUILD_DIR}/SwiftyJSON\"",
					"\"${PODS_CONFIGURATION_BUILD_DIR}/Toast\"",
					"\"${PODS_CONFIGURATION_BUILD_DIR}/WebViewJavascriptBridge\"",
					"\"${PODS_CONFIGURATION_BUILD_DIR}/YYKit\"",
					"\"${PODS_CONFIGURATION_BUILD_DIR}/lottie-ios\"",
					"\"${PODS_ROOT}/../../DevelopPods/flutter_module/.ios/Flutter\"",
					"\"${PODS_ROOT}/../../DevelopPods/flutter_module/.ios/Flutter/engine\"",
					"\"${PODS_ROOT}/YYKit/Vendor\"",
					"\"${PODS_XCFRAMEWORKS_BUILD_DIR}/Flutter\"",
				);
				GENERATE_INFOPLIST_FILE = YES;
				HEADER_SEARCH_PATHS = (
					"$(inherited)",
					"$(PODS_ROOT)/**",
				);
				INFOPLIST_FILE = Q/Info.plist;
				INFOPLIST_KEY_UIApplicationSupportsIndirectInputEvents = YES;
				INFOPLIST_KEY_UILaunchStoryboardName = LaunchScreen;
				INFOPLIST_KEY_UISupportedInterfaceOrientations = "";
				INFOPLIST_KEY_UISupportedInterfaceOrientations_iPad = "UIInterfaceOrientationPortrait UIInterfaceOrientationPortraitUpsideDown UIInterfaceOrientationLandscapeLeft UIInterfaceOrientationLandscapeRight";
				INFOPLIST_KEY_UISupportedInterfaceOrientations_iPhone = "UIInterfaceOrientationPortrait UIInterfaceOrientationLandscapeLeft UIInterfaceOrientationLandscapeRight";
				LD_RUNPATH_SEARCH_PATHS = (
					"$(inherited)",
					"@executable_path/Frameworks",
				);
				LIBRARY_SEARCH_PATHS = (
					"$(inherited)",
					"$(PROJECT_DIR)/Q/base/chronos/build-ios/third-party/miniunz/Release-iphoneos",
					"$(PROJECT_DIR)/Q/base/chronos/build-ios/third-party/box2d/Release-iphoneos",
					"$(PROJECT_DIR)/Q/base/chronos/build-ios/third-party/glm/Release-iphoneos",
				);
				MARKETING_VERSION = 1.0;
				PRODUCT_BUNDLE_IDENTIFIER = Q.Q.X.X;
				PRODUCT_NAME = "$(TARGET_NAME)";
				SWIFT_EMIT_LOC_STRINGS = YES;
				SYSTEM_HEADER_SEARCH_PATHS = "$(SRCROOT)/**";
				TARGETED_DEVICE_FAMILY = "1,2";
				USER_HEADER_SEARCH_PATHS = "$(SRCROOT)/**";
			};
			name = Debug;
		};
		15277E842798223400FA882E /* Release */ = {
			isa = XCBuildConfiguration;
			baseConfigurationReference = DE4FA9F44D6697284972CB5A /* Pods-Q.release.xcconfig */;
			buildSettings = {
				ALWAYS_SEARCH_USER_PATHS = NO;
				ASSETCATALOG_COMPILER_APPICON_NAME = AppIcon;
				ASSETCATALOG_COMPILER_GLOBAL_ACCENT_COLOR_NAME = AccentColor;
				CODE_SIGN_STYLE = Automatic;
				CURRENT_PROJECT_VERSION = 1;
				DEVELOPMENT_TEAM = DXFP8TLN85;
				FRAMEWORK_SEARCH_PATHS = (
					"$(inherited)",
					"\"${PODS_CONFIGURATION_BUILD_DIR}/AFNetworking\"",
					"\"${PODS_CONFIGURATION_BUILD_DIR}/FMDB\"",
					"\"${PODS_CONFIGURATION_BUILD_DIR}/FlutterPluginRegistrant\"",
					"\"${PODS_CONFIGURATION_BUILD_DIR}/JSONModel\"",
					"\"${PODS_CONFIGURATION_BUILD_DIR}/JSPatch\"",
					"\"${PODS_CONFIGURATION_BUILD_DIR}/Masonry\"",
					"\"${PODS_CONFIGURATION_BUILD_DIR}/Reachability\"",
					"\"${PODS_CONFIGURATION_BUILD_DIR}/ReactiveCocoa\"",
					"\"${PODS_CONFIGURATION_BUILD_DIR}/ReactiveSwift\"",
					"\"${PODS_CONFIGURATION_BUILD_DIR}/RegexKitLite-NoWarning\"",
					"\"${PODS_CONFIGURATION_BUILD_DIR}/SDWebImage\"",
					"\"${PODS_CONFIGURATION_BUILD_DIR}/SSZipArchive\"",
					"\"${PODS_CONFIGURATION_BUILD_DIR}/SwiftyJSON\"",
					"\"${PODS_CONFIGURATION_BUILD_DIR}/Toast\"",
					"\"${PODS_CONFIGURATION_BUILD_DIR}/WebViewJavascriptBridge\"",
					"\"${PODS_CONFIGURATION_BUILD_DIR}/YYKit\"",
					"\"${PODS_CONFIGURATION_BUILD_DIR}/lottie-ios\"",
					"\"${PODS_ROOT}/../../DevelopPods/flutter_module/.ios/Flutter\"",
					"\"${PODS_ROOT}/../../DevelopPods/flutter_module/.ios/Flutter/engine\"",
					"\"${PODS_ROOT}/YYKit/Vendor\"",
					"\"${PODS_XCFRAMEWORKS_BUILD_DIR}/Flutter\"",
				);
				GENERATE_INFOPLIST_FILE = YES;
				HEADER_SEARCH_PATHS = (
					"$(inherited)",
					"$(PODS_ROOT)/**",
				);
				INFOPLIST_FILE = Q/Info.plist;
				INFOPLIST_KEY_UIApplicationSupportsIndirectInputEvents = YES;
				INFOPLIST_KEY_UILaunchStoryboardName = LaunchScreen;
				INFOPLIST_KEY_UISupportedInterfaceOrientations = "";
				INFOPLIST_KEY_UISupportedInterfaceOrientations_iPad = "UIInterfaceOrientationPortrait UIInterfaceOrientationPortraitUpsideDown UIInterfaceOrientationLandscapeLeft UIInterfaceOrientationLandscapeRight";
				INFOPLIST_KEY_UISupportedInterfaceOrientations_iPhone = "UIInterfaceOrientationPortrait UIInterfaceOrientationLandscapeLeft UIInterfaceOrientationLandscapeRight";
				LD_RUNPATH_SEARCH_PATHS = (
					"$(inherited)",
					"@executable_path/Frameworks",
				);
				LIBRARY_SEARCH_PATHS = (
					"$(inherited)",
					"$(PROJECT_DIR)/Q/base/chronos/build-ios/third-party/miniunz/Release-iphoneos",
					"$(PROJECT_DIR)/Q/base/chronos/build-ios/third-party/box2d/Release-iphoneos",
					"$(PROJECT_DIR)/Q/base/chronos/build-ios/third-party/glm/Release-iphoneos",
				);
				MARKETING_VERSION = 1.0;
				PRODUCT_BUNDLE_IDENTIFIER = Q.Q.X.X;
				PRODUCT_NAME = "$(TARGET_NAME)";
				SWIFT_EMIT_LOC_STRINGS = YES;
				SYSTEM_HEADER_SEARCH_PATHS = "$(SRCROOT)/**";
				TARGETED_DEVICE_FAMILY = "1,2";
				USER_HEADER_SEARCH_PATHS = "$(SRCROOT)/**";
			};
			name = Release;
		};
		15277E862798223400FA882E /* Debug */ = {
			isa = XCBuildConfiguration;
			buildSettings = {
				BUNDLE_LOADER = "$(TEST_HOST)";
				CODE_SIGN_STYLE = Automatic;
				CURRENT_PROJECT_VERSION = 1;
				DEVELOPMENT_TEAM = DXFP8TLN85;
				GENERATE_INFOPLIST_FILE = YES;
				IPHONEOS_DEPLOYMENT_TARGET = 15.2;
				MARKETING_VERSION = 1.0;
				PRODUCT_BUNDLE_IDENTIFIER = Q.QTests;
				PRODUCT_NAME = "$(TARGET_NAME)";
				SWIFT_EMIT_LOC_STRINGS = NO;
				TARGETED_DEVICE_FAMILY = "1,2";
				TEST_HOST = "$(BUILT_PRODUCTS_DIR)/Q.app/Q";
			};
			name = Debug;
		};
		15277E872798223400FA882E /* Release */ = {
			isa = XCBuildConfiguration;
			buildSettings = {
				BUNDLE_LOADER = "$(TEST_HOST)";
				CODE_SIGN_STYLE = Automatic;
				CURRENT_PROJECT_VERSION = 1;
				DEVELOPMENT_TEAM = DXFP8TLN85;
				GENERATE_INFOPLIST_FILE = YES;
				IPHONEOS_DEPLOYMENT_TARGET = 15.2;
				MARKETING_VERSION = 1.0;
				PRODUCT_BUNDLE_IDENTIFIER = Q.QTests;
				PRODUCT_NAME = "$(TARGET_NAME)";
				SWIFT_EMIT_LOC_STRINGS = NO;
				TARGETED_DEVICE_FAMILY = "1,2";
				TEST_HOST = "$(BUILT_PRODUCTS_DIR)/Q.app/Q";
			};
			name = Release;
		};
		15277E892798223400FA882E /* Debug */ = {
			isa = XCBuildConfiguration;
			buildSettings = {
				CODE_SIGN_STYLE = Automatic;
				CURRENT_PROJECT_VERSION = 1;
				DEVELOPMENT_TEAM = DXFP8TLN85;
				GENERATE_INFOPLIST_FILE = YES;
				MARKETING_VERSION = 1.0;
				PRODUCT_BUNDLE_IDENTIFIER = Q.QUITests;
				PRODUCT_NAME = "$(TARGET_NAME)";
				SWIFT_EMIT_LOC_STRINGS = NO;
				TARGETED_DEVICE_FAMILY = "1,2";
				TEST_TARGET_NAME = Q;
			};
			name = Debug;
		};
		15277E8A2798223400FA882E /* Release */ = {
			isa = XCBuildConfiguration;
			buildSettings = {
				CODE_SIGN_STYLE = Automatic;
				CURRENT_PROJECT_VERSION = 1;
				DEVELOPMENT_TEAM = DXFP8TLN85;
				GENERATE_INFOPLIST_FILE = YES;
				MARKETING_VERSION = 1.0;
				PRODUCT_BUNDLE_IDENTIFIER = Q.QUITests;
				PRODUCT_NAME = "$(TARGET_NAME)";
				SWIFT_EMIT_LOC_STRINGS = NO;
				TARGETED_DEVICE_FAMILY = "1,2";
				TEST_TARGET_NAME = Q;
			};
			name = Release;
		};
/* End XCBuildConfiguration section */

/* Begin XCConfigurationList section */
		15277E4E2798223300FA882E /* Build configuration list for PBXProject "Q" */ = {
			isa = XCConfigurationList;
			buildConfigurations = (
				15277E802798223400FA882E /* Debug */,
				15277E812798223400FA882E /* Release */,
			);
			defaultConfigurationIsVisible = 0;
			defaultConfigurationName = Release;
		};
		15277E822798223400FA882E /* Build configuration list for PBXNativeTarget "Q" */ = {
			isa = XCConfigurationList;
			buildConfigurations = (
				15277E832798223400FA882E /* Debug */,
				15277E842798223400FA882E /* Release */,
			);
			defaultConfigurationIsVisible = 0;
			defaultConfigurationName = Release;
		};
		15277E852798223400FA882E /* Build configuration list for PBXNativeTarget "QTests" */ = {
			isa = XCConfigurationList;
			buildConfigurations = (
				15277E862798223400FA882E /* Debug */,
				15277E872798223400FA882E /* Release */,
			);
			defaultConfigurationIsVisible = 0;
			defaultConfigurationName = Release;
		};
		15277E882798223400FA882E /* Build configuration list for PBXNativeTarget "QUITests" */ = {
			isa = XCConfigurationList;
			buildConfigurations = (
				15277E892798223400FA882E /* Debug */,
				15277E8A2798223400FA882E /* Release */,
			);
			defaultConfigurationIsVisible = 0;
			defaultConfigurationName = Release;
		};
/* End XCConfigurationList section */
	};
	rootObject = 15277E4B2798223300FA882E /* Project object */;
}
